// !$*UTF8*$!
{
	archiveVersion = 1;
	classes = {
	};
	objectVersion = 51;
	objects = {

/* Begin PBXBuildFile section */
		12D09C76C66FAEA1D9D20582 /* Pods_smartPOSTests.framework in Frameworks */ = {isa = PBXBuildFile; fileRef = 5343D7E44D2ECBD622212C34 /* Pods_smartPOSTests.framework */; };
		41B6E9AA152168EAB3784110 /* Pods_smartPOS_smartPOSUITests.framework in Frameworks */ = {isa = PBXBuildFile; fileRef = 4C2232558C009A6492BE04A7 /* Pods_smartPOS_smartPOSUITests.framework */; };
		715283072213143A004602FF /* AppDelegate.swift in Sources */ = {isa = PBXBuildFile; fileRef = 715283062213143A004602FF /* AppDelegate.swift */; };
		7152830C2213143A004602FF /* Main.storyboard in Resources */ = {isa = PBXBuildFile; fileRef = 7152830A2213143A004602FF /* Main.storyboard */; };
		7152830E2213143D004602FF /* Assets.xcassets in Resources */ = {isa = PBXBuildFile; fileRef = 7152830D2213143D004602FF /* Assets.xcassets */; };
		715283112213143D004602FF /* LaunchScreen.storyboard in Resources */ = {isa = PBXBuildFile; fileRef = 7152830F2213143D004602FF /* LaunchScreen.storyboard */; };
		715283272213143D004602FF /* smartPOSUITests.swift in Sources */ = {isa = PBXBuildFile; fileRef = 715283262213143D004602FF /* smartPOSUITests.swift */; };
		7152835122136C09004602FF /* OrdersWorker.swift in Sources */ = {isa = PBXBuildFile; fileRef = 7152835022136C09004602FF /* OrdersWorker.swift */; };
		71528354221372BA004602FF /* Order.swift in Sources */ = {isa = PBXBuildFile; fileRef = 71528353221372BA004602FF /* Order.swift */; };
		7152835722137458004602FF /* OrdersMemStore.swift in Sources */ = {isa = PBXBuildFile; fileRef = 7152835622137458004602FF /* OrdersMemStore.swift */; };
		71F1232A2214E2720009FC03 /* OrdersAPI.swift in Sources */ = {isa = PBXBuildFile; fileRef = 71F123292214E2720009FC03 /* OrdersAPI.swift */; };
		71F123432214EAD40009FC03 /* OrdersCoreDataStore.swift in Sources */ = {isa = PBXBuildFile; fileRef = 71F123422214EAD40009FC03 /* OrdersCoreDataStore.swift */; };
		9B08712B262868A100DD465C /* RadioTableViewCell.swift in Sources */ = {isa = PBXBuildFile; fileRef = 9B087129262868A100DD465C /* RadioTableViewCell.swift */; };
		9B08712C262868A100DD465C /* RadioTableViewCell.xib in Resources */ = {isa = PBXBuildFile; fileRef = 9B08712A262868A100DD465C /* RadioTableViewCell.xib */; };
		9B087131262868ED00DD465C /* LTHRadioButton.swift in Sources */ = {isa = PBXBuildFile; fileRef = 9B087130262868ED00DD465C /* LTHRadioButton.swift */; };
		9B15E3A0261C792E00CB252B /* Cell.swift in Sources */ = {isa = PBXBuildFile; fileRef = 9B15E39F261C792E00CB252B /* Cell.swift */; };
		9B15E3B2261CCF4900CB252B /* ItemsCollectionViewController.swift in Sources */ = {isa = PBXBuildFile; fileRef = 9B15E3B1261CCF4900CB252B /* ItemsCollectionViewController.swift */; };
		9B3383FE2627F09F00026A36 /* PaddingLabel.swift in Sources */ = {isa = PBXBuildFile; fileRef = 9B3383FD2627F09F00026A36 /* PaddingLabel.swift */; };
		9B3CEC3F262B5E9200273A65 /* Alert.swift in Sources */ = {isa = PBXBuildFile; fileRef = 9B3CEC3E262B5E9200273A65 /* Alert.swift */; };
		9B3CEC4F262BFD1E00273A65 /* OrderDetailPresenter.swift in Sources */ = {isa = PBXBuildFile; fileRef = 9B3CEC49262BFD1E00273A65 /* OrderDetailPresenter.swift */; };
		9B3CEC50262BFD1E00273A65 /* OrderDetailWorker.swift in Sources */ = {isa = PBXBuildFile; fileRef = 9B3CEC4A262BFD1E00273A65 /* OrderDetailWorker.swift */; };
		9B3CEC51262BFD1E00273A65 /* OrderDetailRouter.swift in Sources */ = {isa = PBXBuildFile; fileRef = 9B3CEC4B262BFD1E00273A65 /* OrderDetailRouter.swift */; };
		9B3CEC52262BFD1E00273A65 /* OrderDetailModels.swift in Sources */ = {isa = PBXBuildFile; fileRef = 9B3CEC4C262BFD1E00273A65 /* OrderDetailModels.swift */; };
		9B3CEC53262BFD1E00273A65 /* OrderDetailViewController.swift in Sources */ = {isa = PBXBuildFile; fileRef = 9B3CEC4D262BFD1E00273A65 /* OrderDetailViewController.swift */; };
		9B3CEC54262BFD1E00273A65 /* OrderDetailInteractor.swift in Sources */ = {isa = PBXBuildFile; fileRef = 9B3CEC4E262BFD1E00273A65 /* OrderDetailInteractor.swift */; };
		9B41FF55263440FF004E289A /* NumPadViewController.swift in Sources */ = {isa = PBXBuildFile; fileRef = 9B41FF54263440FF004E289A /* NumPadViewController.swift */; };
		9B4A32AC2627DE3100705D06 /* OrderCollectionViewCell.swift in Sources */ = {isa = PBXBuildFile; fileRef = 9B4A32AA2627DE3100705D06 /* OrderCollectionViewCell.swift */; };
		9B4A32AD2627DE3100705D06 /* OrderCollectionViewCell.xib in Resources */ = {isa = PBXBuildFile; fileRef = 9B4A32AB2627DE3100705D06 /* OrderCollectionViewCell.xib */; };
		9B57A009263119B200D521C1 /* MenuItemsWorker.swift in Sources */ = {isa = PBXBuildFile; fileRef = 9B57A008263119B200D521C1 /* MenuItemsWorker.swift */; };
		9B57A00E26311B5200D521C1 /* OrderItemsWorker.swift in Sources */ = {isa = PBXBuildFile; fileRef = 9B57A00D26311B5200D521C1 /* OrderItemsWorker.swift */; };
		9B57A013263126AF00D521C1 /* MenuItemsMemStore.swift in Sources */ = {isa = PBXBuildFile; fileRef = 9B57A012263126AF00D521C1 /* MenuItemsMemStore.swift */; };
		9B57A01E2631302200D521C1 /* MenuItemErrors.swift in Sources */ = {isa = PBXBuildFile; fileRef = 9B57A01D2631302200D521C1 /* MenuItemErrors.swift */; };
		9B57A023263158FA00D521C1 /* OrderItemErrors.swift in Sources */ = {isa = PBXBuildFile; fileRef = 9B57A022263158FA00D521C1 /* OrderItemErrors.swift */; };
		9B57A02826316ACD00D521C1 /* OrderItemsMemStore.swift in Sources */ = {isa = PBXBuildFile; fileRef = 9B57A02726316ACD00D521C1 /* OrderItemsMemStore.swift */; };
		9B5C543A262ABC8600D7120A /* OrdersPagePresenter.swift in Sources */ = {isa = PBXBuildFile; fileRef = 9B5C5434262ABC8600D7120A /* OrdersPagePresenter.swift */; };
		9B5C543B262ABC8600D7120A /* OrdersPageWorker.swift in Sources */ = {isa = PBXBuildFile; fileRef = 9B5C5435262ABC8600D7120A /* OrdersPageWorker.swift */; };
		9B5C543C262ABC8600D7120A /* OrdersPageRouter.swift in Sources */ = {isa = PBXBuildFile; fileRef = 9B5C5436262ABC8600D7120A /* OrdersPageRouter.swift */; };
		9B5C543D262ABC8600D7120A /* OrdersPageModels.swift in Sources */ = {isa = PBXBuildFile; fileRef = 9B5C5437262ABC8600D7120A /* OrdersPageModels.swift */; };
		9B5C543E262ABC8600D7120A /* OrdersPageViewController.swift in Sources */ = {isa = PBXBuildFile; fileRef = 9B5C5438262ABC8600D7120A /* OrdersPageViewController.swift */; };
		9B5C543F262ABC8600D7120A /* OrdersPageInteractor.swift in Sources */ = {isa = PBXBuildFile; fileRef = 9B5C5439262ABC8600D7120A /* OrdersPageInteractor.swift */; };
		9B5C5444262ABDA800D7120A /* OrderItem.swift in Sources */ = {isa = PBXBuildFile; fileRef = 9B5C5443262ABDA800D7120A /* OrderItem.swift */; };
		9B5C544C262ABF4900D7120A /* CustomerAddress.swift in Sources */ = {isa = PBXBuildFile; fileRef = 9B5C544B262ABF4900D7120A /* CustomerAddress.swift */; };
		9B5C5451262ABF7E00D7120A /* OrderItemTopping.swift in Sources */ = {isa = PBXBuildFile; fileRef = 9B5C5450262ABF7E00D7120A /* OrderItemTopping.swift */; };
		9B5C5460262AC66600D7120A /* OrderErrors.swift in Sources */ = {isa = PBXBuildFile; fileRef = 9B5C545F262AC66600D7120A /* OrderErrors.swift */; };
		9B5C547B262ACD5300D7120A /* RouterProtocol.swift in Sources */ = {isa = PBXBuildFile; fileRef = 9B5C547A262ACD5300D7120A /* RouterProtocol.swift */; };
		9B7E0A5326202E2C00DAEABB /* OrderItemTableViewCell.swift in Sources */ = {isa = PBXBuildFile; fileRef = 9B7E0A5126202E2C00DAEABB /* OrderItemTableViewCell.swift */; };
		9B7E0A5426202E2C00DAEABB /* OrderItemTableViewCell.xib in Resources */ = {isa = PBXBuildFile; fileRef = 9B7E0A5226202E2C00DAEABB /* OrderItemTableViewCell.xib */; };
		9B85808E262183FC00BBC550 /* PromotionsViewController.swift in Sources */ = {isa = PBXBuildFile; fileRef = 9B85808D262183FC00BBC550 /* PromotionsViewController.swift */; };
		9B96822F261B559200D1980B /* Poppins-ExtraLight.ttf in Resources */ = {isa = PBXBuildFile; fileRef = 9B96821C261B559200D1980B /* Poppins-ExtraLight.ttf */; };
		9B968230261B559200D1980B /* Poppins-ThinItalic.ttf in Resources */ = {isa = PBXBuildFile; fileRef = 9B96821D261B559200D1980B /* Poppins-ThinItalic.ttf */; };
		9B968231261B559200D1980B /* Poppins-ExtraLightItalic.ttf in Resources */ = {isa = PBXBuildFile; fileRef = 9B96821E261B559200D1980B /* Poppins-ExtraLightItalic.ttf */; };
		9B968232261B559200D1980B /* Poppins-BoldItalic.ttf in Resources */ = {isa = PBXBuildFile; fileRef = 9B96821F261B559200D1980B /* Poppins-BoldItalic.ttf */; };
		9B968233261B559200D1980B /* Poppins-Light.ttf in Resources */ = {isa = PBXBuildFile; fileRef = 9B968220261B559200D1980B /* Poppins-Light.ttf */; };
		9B968234261B559200D1980B /* Poppins-Medium.ttf in Resources */ = {isa = PBXBuildFile; fileRef = 9B968221261B559200D1980B /* Poppins-Medium.ttf */; };
		9B968235261B559200D1980B /* Poppins-SemiBoldItalic.ttf in Resources */ = {isa = PBXBuildFile; fileRef = 9B968222261B559200D1980B /* Poppins-SemiBoldItalic.ttf */; };
		9B968236261B559200D1980B /* Poppins-ExtraBoldItalic.ttf in Resources */ = {isa = PBXBuildFile; fileRef = 9B968223261B559200D1980B /* Poppins-ExtraBoldItalic.ttf */; };
		9B968237261B559200D1980B /* Poppins-ExtraBold.ttf in Resources */ = {isa = PBXBuildFile; fileRef = 9B968224261B559200D1980B /* Poppins-ExtraBold.ttf */; };
		9B968238261B559200D1980B /* Poppins-BlackItalic.ttf in Resources */ = {isa = PBXBuildFile; fileRef = 9B968225261B559200D1980B /* Poppins-BlackItalic.ttf */; };
		9B968239261B559200D1980B /* OFL.txt in Resources */ = {isa = PBXBuildFile; fileRef = 9B968226261B559200D1980B /* OFL.txt */; };
		9B96823A261B559200D1980B /* Poppins-Regular.ttf in Resources */ = {isa = PBXBuildFile; fileRef = 9B968227261B559200D1980B /* Poppins-Regular.ttf */; };
		9B96823B261B559200D1980B /* Poppins-LightItalic.ttf in Resources */ = {isa = PBXBuildFile; fileRef = 9B968228261B559200D1980B /* Poppins-LightItalic.ttf */; };
		9B96823C261B559200D1980B /* Poppins-Bold.ttf in Resources */ = {isa = PBXBuildFile; fileRef = 9B968229261B559200D1980B /* Poppins-Bold.ttf */; };
		9B96823D261B559200D1980B /* Poppins-Black.ttf in Resources */ = {isa = PBXBuildFile; fileRef = 9B96822A261B559200D1980B /* Poppins-Black.ttf */; };
		9B96823E261B559200D1980B /* Poppins-Thin.ttf in Resources */ = {isa = PBXBuildFile; fileRef = 9B96822B261B559200D1980B /* Poppins-Thin.ttf */; };
		9B96823F261B559200D1980B /* Poppins-SemiBold.ttf in Resources */ = {isa = PBXBuildFile; fileRef = 9B96822C261B559200D1980B /* Poppins-SemiBold.ttf */; };
		9B968240261B559200D1980B /* Poppins-Italic.ttf in Resources */ = {isa = PBXBuildFile; fileRef = 9B96822D261B559200D1980B /* Poppins-Italic.ttf */; };
		9B968241261B559200D1980B /* Poppins-MediumItalic.ttf in Resources */ = {isa = PBXBuildFile; fileRef = 9B96822E261B559200D1980B /* Poppins-MediumItalic.ttf */; };
		9B99268D2625F01900B6FDF9 /* CGRect+Utils.swift in Sources */ = {isa = PBXBuildFile; fileRef = 9B9926872625F01900B6FDF9 /* CGRect+Utils.swift */; };
		9B99268E2625F01900B6FDF9 /* UIScreen+Utils.swift in Sources */ = {isa = PBXBuildFile; fileRef = 9B9926882625F01900B6FDF9 /* UIScreen+Utils.swift */; };
		9B99268F2625F01900B6FDF9 /* Object+ClassName.swift in Sources */ = {isa = PBXBuildFile; fileRef = 9B9926892625F01900B6FDF9 /* Object+ClassName.swift */; };
		9B9926902625F01900B6FDF9 /* Font.swift in Sources */ = {isa = PBXBuildFile; fileRef = 9B99268A2625F01900B6FDF9 /* Font.swift */; };
		9B9926912625F01900B6FDF9 /* UIView+Nib.swift in Sources */ = {isa = PBXBuildFile; fileRef = 9B99268B2625F01900B6FDF9 /* UIView+Nib.swift */; };
		9B99269C2625F2E500B6FDF9 /* UIColor+Utils.swift in Sources */ = {isa = PBXBuildFile; fileRef = 9B99269B2625F2E500B6FDF9 /* UIColor+Utils.swift */; };
		9B9926A32625F3BD00B6FDF9 /* PresetsDataSource.swift in Sources */ = {isa = PBXBuildFile; fileRef = 9B9926A12625F3BD00B6FDF9 /* PresetsDataSource.swift */; };
		9B9926A42625F3BD00B6FDF9 /* PresetDescription.swift in Sources */ = {isa = PBXBuildFile; fileRef = 9B9926A22625F3BD00B6FDF9 /* PresetDescription.swift */; };
		9B9926AA262680C400B6FDF9 /* MenuItem.swift in Sources */ = {isa = PBXBuildFile; fileRef = 9B9926A9262680C400B6FDF9 /* MenuItem.swift */; };
		9B9926B2262680D600B6FDF9 /* MenuItemTopping.swift in Sources */ = {isa = PBXBuildFile; fileRef = 9B9926B1262680D600B6FDF9 /* MenuItemTopping.swift */; };
		9B9926B7262680EF00B6FDF9 /* OpenHours.swift in Sources */ = {isa = PBXBuildFile; fileRef = 9B9926B6262680EF00B6FDF9 /* OpenHours.swift */; };
		9B9926BC262680FB00B6FDF9 /* Menu.swift in Sources */ = {isa = PBXBuildFile; fileRef = 9B9926BB262680FB00B6FDF9 /* Menu.swift */; };
		9B9926C12626811700B6FDF9 /* Weekday.swift in Sources */ = {isa = PBXBuildFile; fileRef = 9B9926C02626811700B6FDF9 /* Weekday.swift */; };
		9B9926C62626813500B6FDF9 /* Restaurant.swift in Sources */ = {isa = PBXBuildFile; fileRef = 9B9926C52626813500B6FDF9 /* Restaurant.swift */; };
		9B9926CB2626814A00B6FDF9 /* ToppingGroup.swift in Sources */ = {isa = PBXBuildFile; fileRef = 9B9926CA2626814A00B6FDF9 /* ToppingGroup.swift */; };
		9B9926D02626816000B6FDF9 /* ToppingItem.swift in Sources */ = {isa = PBXBuildFile; fileRef = 9B9926CF2626816000B6FDF9 /* ToppingItem.swift */; };
		9B9926D52626817B00B6FDF9 /* RestaurantAddress.swift in Sources */ = {isa = PBXBuildFile; fileRef = 9B9926D42626817B00B6FDF9 /* RestaurantAddress.swift */; };
		9B9926DA2626819100B6FDF9 /* RestaurantCategory.swift in Sources */ = {isa = PBXBuildFile; fileRef = 9B9926D92626819100B6FDF9 /* RestaurantCategory.swift */; };
		9B9926DF262681B400B6FDF9 /* Category.swift in Sources */ = {isa = PBXBuildFile; fileRef = 9B9926DE262681B400B6FDF9 /* Category.swift */; };
		9B9926E4262681CB00B6FDF9 /* CouponCampaign.swift in Sources */ = {isa = PBXBuildFile; fileRef = 9B9926E3262681CB00B6FDF9 /* CouponCampaign.swift */; };
		9B9926E9262681DD00B6FDF9 /* CouponCode.swift in Sources */ = {isa = PBXBuildFile; fileRef = 9B9926E8262681DD00B6FDF9 /* CouponCode.swift */; };
		9B9926EE262681EF00B6FDF9 /* PromotionCampaign.swift in Sources */ = {isa = PBXBuildFile; fileRef = 9B9926ED262681EF00B6FDF9 /* PromotionCampaign.swift */; };
		9B9926F62626827F00B6FDF9 /* User.swift in Sources */ = {isa = PBXBuildFile; fileRef = 9B9926F52626827F00B6FDF9 /* User.swift */; };
		9B9926FC262695E000B6FDF9 /* Merchant.swift in Sources */ = {isa = PBXBuildFile; fileRef = 9B9926FB262695E000B6FDF9 /* Merchant.swift */; };
		9B9CF5AB26229B320023C83A /* PromotionItemCollectionViewCell.swift in Sources */ = {isa = PBXBuildFile; fileRef = 9B9CF5A926229B320023C83A /* PromotionItemCollectionViewCell.swift */; };
		9B9CF5AC26229B320023C83A /* PromotionItemCollectionViewCell.xib in Resources */ = {isa = PBXBuildFile; fileRef = 9B9CF5AA26229B320023C83A /* PromotionItemCollectionViewCell.xib */; };
		9BA4E164262C3B9400BA9F10 /* CheckoutPresenter.swift in Sources */ = {isa = PBXBuildFile; fileRef = 9BA4E15E262C3B9400BA9F10 /* CheckoutPresenter.swift */; };
		9BA4E165262C3B9400BA9F10 /* CheckoutWorker.swift in Sources */ = {isa = PBXBuildFile; fileRef = 9BA4E15F262C3B9400BA9F10 /* CheckoutWorker.swift */; };
		9BA4E166262C3B9400BA9F10 /* CheckoutRouter.swift in Sources */ = {isa = PBXBuildFile; fileRef = 9BA4E160262C3B9400BA9F10 /* CheckoutRouter.swift */; };
		9BA4E167262C3B9400BA9F10 /* CheckoutModels.swift in Sources */ = {isa = PBXBuildFile; fileRef = 9BA4E161262C3B9400BA9F10 /* CheckoutModels.swift */; };
		9BA4E168262C3B9400BA9F10 /* CheckoutViewController.swift in Sources */ = {isa = PBXBuildFile; fileRef = 9BA4E162262C3B9400BA9F10 /* CheckoutViewController.swift */; };
		9BA4E169262C3B9400BA9F10 /* CheckoutInteractor.swift in Sources */ = {isa = PBXBuildFile; fileRef = 9BA4E163262C3B9400BA9F10 /* CheckoutInteractor.swift */; };
		9BAD8904262870C00003C746 /* SelectionHeaderView.swift in Sources */ = {isa = PBXBuildFile; fileRef = 9BAD8903262870C00003C746 /* SelectionHeaderView.swift */; };
		9BC1C6DA261D4488006502F8 /* OrderCheckoutViewController.swift in Sources */ = {isa = PBXBuildFile; fileRef = 9BC1C6D9261D4488006502F8 /* OrderCheckoutViewController.swift */; };
		9BC1C6E9261D6925006502F8 /* ItemCollectionViewCell.swift in Sources */ = {isa = PBXBuildFile; fileRef = 9BC1C6E7261D6925006502F8 /* ItemCollectionViewCell.swift */; };
		9BC1C6EA261D6925006502F8 /* ItemCollectionViewCell.xib in Resources */ = {isa = PBXBuildFile; fileRef = 9BC1C6E8261D6925006502F8 /* ItemCollectionViewCell.xib */; };
		9BC2F78E261C511F00D5CFBC /* SubContentsViewController.storyboard in Resources */ = {isa = PBXBuildFile; fileRef = 9BC2F784261C511D00D5CFBC /* SubContentsViewController.storyboard */; };
		9BC2F78F261C511F00D5CFBC /* SubContentsViewController.swift in Sources */ = {isa = PBXBuildFile; fileRef = 9BC2F785261C511E00D5CFBC /* SubContentsViewController.swift */; };
		9BC2F790261C511F00D5CFBC /* LeftViewController.swift in Sources */ = {isa = PBXBuildFile; fileRef = 9BC2F786261C511E00D5CFBC /* LeftViewController.swift */; };
		9BC2F791261C511F00D5CFBC /* ExSlideMenuController.swift in Sources */ = {isa = PBXBuildFile; fileRef = 9BC2F787261C511E00D5CFBC /* ExSlideMenuController.swift */; };
		9BC2F792261C511F00D5CFBC /* RightViewController.swift in Sources */ = {isa = PBXBuildFile; fileRef = 9BC2F788261C511E00D5CFBC /* RightViewController.swift */; };
		9BC2F793261C511F00D5CFBC /* NonMenuController.swift in Sources */ = {isa = PBXBuildFile; fileRef = 9BC2F789261C511E00D5CFBC /* NonMenuController.swift */; };
		9BC2F794261C511F00D5CFBC /* SettingViewController.swift in Sources */ = {isa = PBXBuildFile; fileRef = 9BC2F78A261C511F00D5CFBC /* SettingViewController.swift */; };
		9BC2F795261C511F00D5CFBC /* DeliveryViewController.swift in Sources */ = {isa = PBXBuildFile; fileRef = 9BC2F78B261C511F00D5CFBC /* DeliveryViewController.swift */; };
		9BC2F844261C51C300D5CFBC /* ImageHeaderView.xib in Resources */ = {isa = PBXBuildFile; fileRef = 9BC2F842261C51C300D5CFBC /* ImageHeaderView.xib */; };
		9BC2F845261C51C300D5CFBC /* ImageHeaderView.swift in Sources */ = {isa = PBXBuildFile; fileRef = 9BC2F843261C51C300D5CFBC /* ImageHeaderView.swift */; };
		9BC2F84C261C51CC00D5CFBC /* BaseTableViewCell.swift in Sources */ = {isa = PBXBuildFile; fileRef = 9BC2F849261C51CC00D5CFBC /* BaseTableViewCell.swift */; };
		9BC2F84D261C51CC00D5CFBC /* DataTableViewCell.xib in Resources */ = {isa = PBXBuildFile; fileRef = 9BC2F84A261C51CC00D5CFBC /* DataTableViewCell.xib */; };
		9BC2F84E261C51CC00D5CFBC /* DataTableViewCell.swift in Sources */ = {isa = PBXBuildFile; fileRef = 9BC2F84B261C51CC00D5CFBC /* DataTableViewCell.swift */; };
		9BC2F85A261C51DC00D5CFBC /* UIColor.swift in Sources */ = {isa = PBXBuildFile; fileRef = 9BC2F852261C51DB00D5CFBC /* UIColor.swift */; };
		9BC2F85B261C51DC00D5CFBC /* UIApplication.swift in Sources */ = {isa = PBXBuildFile; fileRef = 9BC2F853261C51DB00D5CFBC /* UIApplication.swift */; };
		9BC2F85C261C51DC00D5CFBC /* String.swift in Sources */ = {isa = PBXBuildFile; fileRef = 9BC2F854261C51DB00D5CFBC /* String.swift */; };
		9BC2F85D261C51DC00D5CFBC /* UIImage.swift in Sources */ = {isa = PBXBuildFile; fileRef = 9BC2F855261C51DC00D5CFBC /* UIImage.swift */; };
		9BC2F85E261C51DC00D5CFBC /* UITableViewExtension.swift in Sources */ = {isa = PBXBuildFile; fileRef = 9BC2F856261C51DC00D5CFBC /* UITableViewExtension.swift */; };
		9BC2F85F261C51DC00D5CFBC /* UIViewController.swift in Sources */ = {isa = PBXBuildFile; fileRef = 9BC2F857261C51DC00D5CFBC /* UIViewController.swift */; };
		9BC2F860261C51DC00D5CFBC /* UIImageView.swift in Sources */ = {isa = PBXBuildFile; fileRef = 9BC2F858261C51DC00D5CFBC /* UIImageView.swift */; };
		9BC2F861261C51DC00D5CFBC /* UIView.swift in Sources */ = {isa = PBXBuildFile; fileRef = 9BC2F859261C51DC00D5CFBC /* UIView.swift */; };
		9BC31F6326280A3B003AAB3A /* UIButton.swift in Sources */ = {isa = PBXBuildFile; fileRef = 9BC31F6226280A3B003AAB3A /* UIButton.swift */; };
		9BC31F6826281154003AAB3A /* OrdersCollectionViewController.swift in Sources */ = {isa = PBXBuildFile; fileRef = 9BC31F6726281154003AAB3A /* OrdersCollectionViewController.swift */; };
		9BCB7851261F6D5000AD29E5 /* MenuItemTableViewCell.swift in Sources */ = {isa = PBXBuildFile; fileRef = 9BCB784F261F6D5000AD29E5 /* MenuItemTableViewCell.swift */; };
		9BCB7852261F6D5000AD29E5 /* MenuItemTableViewCell.xib in Resources */ = {isa = PBXBuildFile; fileRef = 9BCB7850261F6D5000AD29E5 /* MenuItemTableViewCell.xib */; };
		9BCF66012626AA64008841BA /* MenuItemDetailView.swift in Sources */ = {isa = PBXBuildFile; fileRef = 9BCF66002626AA64008841BA /* MenuItemDetailView.swift */; };
		9BCF66062626AA76008841BA /* MenuItemDetailView.xib in Resources */ = {isa = PBXBuildFile; fileRef = 9BCF66052626AA76008841BA /* MenuItemDetailView.xib */; };
		9BD26983262AD858000CDABE /* OrdersNetworkInjected.swift in Sources */ = {isa = PBXBuildFile; fileRef = 9BD26982262AD858000CDABE /* OrdersNetworkInjected.swift */; };
		9BD269C0262AEB60000CDABE /* ApiConfig.swift in Sources */ = {isa = PBXBuildFile; fileRef = 9BD269BD262AEB60000CDABE /* ApiConfig.swift */; };
		9BD269C1262AEB60000CDABE /* Moya+Extensions.swift in Sources */ = {isa = PBXBuildFile; fileRef = 9BD269BE262AEB60000CDABE /* Moya+Extensions.swift */; };
		9BD269C2262AEB60000CDABE /* APIManager.swift in Sources */ = {isa = PBXBuildFile; fileRef = 9BD269BF262AEB60000CDABE /* APIManager.swift */; };
		9BD269CC262AEB86000CDABE /* OrderAPIMockData.swift in Sources */ = {isa = PBXBuildFile; fileRef = 9BD269C7262AEB86000CDABE /* OrderAPIMockData.swift */; };
		9BD269CD262AEB86000CDABE /* OrderAPI.swift in Sources */ = {isa = PBXBuildFile; fileRef = 9BD269C8262AEB86000CDABE /* OrderAPI.swift */; };
		9BD269CE262AEB86000CDABE /* Orders.json in Resources */ = {isa = PBXBuildFile; fileRef = 9BD269CA262AEB86000CDABE /* Orders.json */; };
		9BD269CF262AEB86000CDABE /* Order.json in Resources */ = {isa = PBXBuildFile; fileRef = 9BD269CB262AEB86000CDABE /* Order.json */; };
		9BF592CE2629683500454A8D /* MenuItemGroup.swift in Sources */ = {isa = PBXBuildFile; fileRef = 9BF592CD2629683500454A8D /* MenuItemGroup.swift */; };
		9F8FB053ABB2B4B50BFA882F /* Pods_smartPOS.framework in Frameworks */ = {isa = PBXBuildFile; fileRef = 4979C1A7B297667E44D77BB1 /* Pods_smartPOS.framework */; };
/* End PBXBuildFile section */

/* Begin PBXContainerItemProxy section */
		715283182213143D004602FF /* PBXContainerItemProxy */ = {
			isa = PBXContainerItemProxy;
			containerPortal = 715282FB2213143A004602FF /* Project object */;
			proxyType = 1;
			remoteGlobalIDString = 715283022213143A004602FF;
			remoteInfo = CleanStore;
		};
		715283232213143D004602FF /* PBXContainerItemProxy */ = {
			isa = PBXContainerItemProxy;
			containerPortal = 715282FB2213143A004602FF /* Project object */;
			proxyType = 1;
			remoteGlobalIDString = 715283022213143A004602FF;
			remoteInfo = CleanStore;
		};
/* End PBXContainerItemProxy section */

/* Begin PBXFileReference section */
		0368289D7E17CCC7D53A43AC /* Pods-smartPOS.debug.xcconfig */ = {isa = PBXFileReference; includeInIndex = 1; lastKnownFileType = text.xcconfig; name = "Pods-smartPOS.debug.xcconfig"; path = "Target Support Files/Pods-smartPOS/Pods-smartPOS.debug.xcconfig"; sourceTree = "<group>"; };
		4979C1A7B297667E44D77BB1 /* Pods_smartPOS.framework */ = {isa = PBXFileReference; explicitFileType = wrapper.framework; includeInIndex = 0; path = Pods_smartPOS.framework; sourceTree = BUILT_PRODUCTS_DIR; };
		4C2232558C009A6492BE04A7 /* Pods_smartPOS_smartPOSUITests.framework */ = {isa = PBXFileReference; explicitFileType = wrapper.framework; includeInIndex = 0; path = Pods_smartPOS_smartPOSUITests.framework; sourceTree = BUILT_PRODUCTS_DIR; };
		5343D7E44D2ECBD622212C34 /* Pods_smartPOSTests.framework */ = {isa = PBXFileReference; explicitFileType = wrapper.framework; includeInIndex = 0; path = Pods_smartPOSTests.framework; sourceTree = BUILT_PRODUCTS_DIR; };
		715283032213143A004602FF /* smartPOS.app */ = {isa = PBXFileReference; explicitFileType = wrapper.application; includeInIndex = 0; path = smartPOS.app; sourceTree = BUILT_PRODUCTS_DIR; };
		715283062213143A004602FF /* AppDelegate.swift */ = {isa = PBXFileReference; lastKnownFileType = sourcecode.swift; path = AppDelegate.swift; sourceTree = "<group>"; };
		7152830B2213143A004602FF /* Base */ = {isa = PBXFileReference; lastKnownFileType = file.storyboard; name = Base; path = Base.lproj/Main.storyboard; sourceTree = "<group>"; };
		7152830D2213143D004602FF /* Assets.xcassets */ = {isa = PBXFileReference; lastKnownFileType = folder.assetcatalog; path = Assets.xcassets; sourceTree = "<group>"; };
		715283102213143D004602FF /* Base */ = {isa = PBXFileReference; lastKnownFileType = file.storyboard; name = Base; path = Base.lproj/LaunchScreen.storyboard; sourceTree = "<group>"; };
		715283122213143D004602FF /* Info.plist */ = {isa = PBXFileReference; lastKnownFileType = text.plist.xml; path = Info.plist; sourceTree = "<group>"; };
		715283172213143D004602FF /* smartPOSTests.xctest */ = {isa = PBXFileReference; explicitFileType = wrapper.cfbundle; includeInIndex = 0; path = smartPOSTests.xctest; sourceTree = BUILT_PRODUCTS_DIR; };
		715283222213143D004602FF /* smartPOSUITests.xctest */ = {isa = PBXFileReference; explicitFileType = wrapper.cfbundle; includeInIndex = 0; path = smartPOSUITests.xctest; sourceTree = BUILT_PRODUCTS_DIR; };
		715283262213143D004602FF /* smartPOSUITests.swift */ = {isa = PBXFileReference; lastKnownFileType = sourcecode.swift; path = smartPOSUITests.swift; sourceTree = "<group>"; };
		715283282213143D004602FF /* Info.plist */ = {isa = PBXFileReference; lastKnownFileType = text.plist.xml; path = Info.plist; sourceTree = "<group>"; };
		7152835022136C09004602FF /* OrdersWorker.swift */ = {isa = PBXFileReference; lastKnownFileType = sourcecode.swift; path = OrdersWorker.swift; sourceTree = "<group>"; };
		71528353221372BA004602FF /* Order.swift */ = {isa = PBXFileReference; lastKnownFileType = sourcecode.swift; path = Order.swift; sourceTree = "<group>"; };
		7152835622137458004602FF /* OrdersMemStore.swift */ = {isa = PBXFileReference; lastKnownFileType = sourcecode.swift; path = OrdersMemStore.swift; sourceTree = "<group>"; };
		71F123292214E2720009FC03 /* OrdersAPI.swift */ = {isa = PBXFileReference; fileEncoding = 4; lastKnownFileType = sourcecode.swift; path = OrdersAPI.swift; sourceTree = "<group>"; };
		71F123422214EAD40009FC03 /* OrdersCoreDataStore.swift */ = {isa = PBXFileReference; fileEncoding = 4; lastKnownFileType = sourcecode.swift; path = OrdersCoreDataStore.swift; sourceTree = "<group>"; };
		756B49B95E7629404DAC3C16 /* Pods-smartPOS-smartPOSUITests.release.xcconfig */ = {isa = PBXFileReference; includeInIndex = 1; lastKnownFileType = text.xcconfig; name = "Pods-smartPOS-smartPOSUITests.release.xcconfig"; path = "Target Support Files/Pods-smartPOS-smartPOSUITests/Pods-smartPOS-smartPOSUITests.release.xcconfig"; sourceTree = "<group>"; };
		83F7CE37DC57B6E9EFE144C1 /* Pods-smartPOSTests.debug.xcconfig */ = {isa = PBXFileReference; includeInIndex = 1; lastKnownFileType = text.xcconfig; name = "Pods-smartPOSTests.debug.xcconfig"; path = "Target Support Files/Pods-smartPOSTests/Pods-smartPOSTests.debug.xcconfig"; sourceTree = "<group>"; };
		9B087129262868A100DD465C /* RadioTableViewCell.swift */ = {isa = PBXFileReference; lastKnownFileType = sourcecode.swift; path = RadioTableViewCell.swift; sourceTree = "<group>"; };
		9B08712A262868A100DD465C /* RadioTableViewCell.xib */ = {isa = PBXFileReference; lastKnownFileType = file.xib; path = RadioTableViewCell.xib; sourceTree = "<group>"; };
		9B087130262868ED00DD465C /* LTHRadioButton.swift */ = {isa = PBXFileReference; lastKnownFileType = sourcecode.swift; path = LTHRadioButton.swift; sourceTree = "<group>"; };
		9B15E39F261C792E00CB252B /* Cell.swift */ = {isa = PBXFileReference; lastKnownFileType = sourcecode.swift; path = Cell.swift; sourceTree = "<group>"; };
		9B15E3B1261CCF4900CB252B /* ItemsCollectionViewController.swift */ = {isa = PBXFileReference; lastKnownFileType = sourcecode.swift; path = ItemsCollectionViewController.swift; sourceTree = "<group>"; };
		9B3383FD2627F09F00026A36 /* PaddingLabel.swift */ = {isa = PBXFileReference; lastKnownFileType = sourcecode.swift; path = PaddingLabel.swift; sourceTree = "<group>"; };
		9B3CEC3E262B5E9200273A65 /* Alert.swift */ = {isa = PBXFileReference; lastKnownFileType = sourcecode.swift; path = Alert.swift; sourceTree = "<group>"; };
		9B3CEC49262BFD1E00273A65 /* OrderDetailPresenter.swift */ = {isa = PBXFileReference; lastKnownFileType = sourcecode.swift; path = OrderDetailPresenter.swift; sourceTree = "<group>"; };
		9B3CEC4A262BFD1E00273A65 /* OrderDetailWorker.swift */ = {isa = PBXFileReference; lastKnownFileType = sourcecode.swift; path = OrderDetailWorker.swift; sourceTree = "<group>"; };
		9B3CEC4B262BFD1E00273A65 /* OrderDetailRouter.swift */ = {isa = PBXFileReference; lastKnownFileType = sourcecode.swift; path = OrderDetailRouter.swift; sourceTree = "<group>"; };
		9B3CEC4C262BFD1E00273A65 /* OrderDetailModels.swift */ = {isa = PBXFileReference; lastKnownFileType = sourcecode.swift; path = OrderDetailModels.swift; sourceTree = "<group>"; };
		9B3CEC4D262BFD1E00273A65 /* OrderDetailViewController.swift */ = {isa = PBXFileReference; lastKnownFileType = sourcecode.swift; path = OrderDetailViewController.swift; sourceTree = "<group>"; };
		9B3CEC4E262BFD1E00273A65 /* OrderDetailInteractor.swift */ = {isa = PBXFileReference; lastKnownFileType = sourcecode.swift; path = OrderDetailInteractor.swift; sourceTree = "<group>"; };
		9B41FF54263440FF004E289A /* NumPadViewController.swift */ = {isa = PBXFileReference; lastKnownFileType = sourcecode.swift; path = NumPadViewController.swift; sourceTree = "<group>"; };
		9B4A32AA2627DE3100705D06 /* OrderCollectionViewCell.swift */ = {isa = PBXFileReference; lastKnownFileType = sourcecode.swift; path = OrderCollectionViewCell.swift; sourceTree = "<group>"; };
		9B4A32AB2627DE3100705D06 /* OrderCollectionViewCell.xib */ = {isa = PBXFileReference; lastKnownFileType = file.xib; path = OrderCollectionViewCell.xib; sourceTree = "<group>"; };
		9B57A008263119B200D521C1 /* MenuItemsWorker.swift */ = {isa = PBXFileReference; lastKnownFileType = sourcecode.swift; path = MenuItemsWorker.swift; sourceTree = "<group>"; };
		9B57A00D26311B5200D521C1 /* OrderItemsWorker.swift */ = {isa = PBXFileReference; lastKnownFileType = sourcecode.swift; path = OrderItemsWorker.swift; sourceTree = "<group>"; };
		9B57A012263126AF00D521C1 /* MenuItemsMemStore.swift */ = {isa = PBXFileReference; lastKnownFileType = sourcecode.swift; path = MenuItemsMemStore.swift; sourceTree = "<group>"; };
		9B57A01D2631302200D521C1 /* MenuItemErrors.swift */ = {isa = PBXFileReference; lastKnownFileType = sourcecode.swift; path = MenuItemErrors.swift; sourceTree = "<group>"; };
		9B57A022263158FA00D521C1 /* OrderItemErrors.swift */ = {isa = PBXFileReference; lastKnownFileType = sourcecode.swift; path = OrderItemErrors.swift; sourceTree = "<group>"; };
		9B57A02726316ACD00D521C1 /* OrderItemsMemStore.swift */ = {isa = PBXFileReference; lastKnownFileType = sourcecode.swift; path = OrderItemsMemStore.swift; sourceTree = "<group>"; };
		9B5C5434262ABC8600D7120A /* OrdersPagePresenter.swift */ = {isa = PBXFileReference; lastKnownFileType = sourcecode.swift; path = OrdersPagePresenter.swift; sourceTree = "<group>"; };
		9B5C5435262ABC8600D7120A /* OrdersPageWorker.swift */ = {isa = PBXFileReference; lastKnownFileType = sourcecode.swift; path = OrdersPageWorker.swift; sourceTree = "<group>"; };
		9B5C5436262ABC8600D7120A /* OrdersPageRouter.swift */ = {isa = PBXFileReference; lastKnownFileType = sourcecode.swift; path = OrdersPageRouter.swift; sourceTree = "<group>"; };
		9B5C5437262ABC8600D7120A /* OrdersPageModels.swift */ = {isa = PBXFileReference; lastKnownFileType = sourcecode.swift; path = OrdersPageModels.swift; sourceTree = "<group>"; };
		9B5C5438262ABC8600D7120A /* OrdersPageViewController.swift */ = {isa = PBXFileReference; lastKnownFileType = sourcecode.swift; path = OrdersPageViewController.swift; sourceTree = "<group>"; };
		9B5C5439262ABC8600D7120A /* OrdersPageInteractor.swift */ = {isa = PBXFileReference; lastKnownFileType = sourcecode.swift; path = OrdersPageInteractor.swift; sourceTree = "<group>"; };
		9B5C5443262ABDA800D7120A /* OrderItem.swift */ = {isa = PBXFileReference; lastKnownFileType = sourcecode.swift; path = OrderItem.swift; sourceTree = "<group>"; };
		9B5C544B262ABF4900D7120A /* CustomerAddress.swift */ = {isa = PBXFileReference; lastKnownFileType = sourcecode.swift; path = CustomerAddress.swift; sourceTree = "<group>"; };
		9B5C5450262ABF7E00D7120A /* OrderItemTopping.swift */ = {isa = PBXFileReference; lastKnownFileType = sourcecode.swift; path = OrderItemTopping.swift; sourceTree = "<group>"; };
		9B5C545F262AC66600D7120A /* OrderErrors.swift */ = {isa = PBXFileReference; lastKnownFileType = sourcecode.swift; path = OrderErrors.swift; sourceTree = "<group>"; };
		9B5C547A262ACD5300D7120A /* RouterProtocol.swift */ = {isa = PBXFileReference; lastKnownFileType = sourcecode.swift; path = RouterProtocol.swift; sourceTree = "<group>"; };
		9B7E0A5126202E2C00DAEABB /* OrderItemTableViewCell.swift */ = {isa = PBXFileReference; lastKnownFileType = sourcecode.swift; path = OrderItemTableViewCell.swift; sourceTree = "<group>"; };
		9B7E0A5226202E2C00DAEABB /* OrderItemTableViewCell.xib */ = {isa = PBXFileReference; lastKnownFileType = file.xib; path = OrderItemTableViewCell.xib; sourceTree = "<group>"; };
		9B85808D262183FC00BBC550 /* PromotionsViewController.swift */ = {isa = PBXFileReference; lastKnownFileType = sourcecode.swift; path = PromotionsViewController.swift; sourceTree = "<group>"; };
		9B96821C261B559200D1980B /* Poppins-ExtraLight.ttf */ = {isa = PBXFileReference; lastKnownFileType = file; path = "Poppins-ExtraLight.ttf"; sourceTree = "<group>"; };
		9B96821D261B559200D1980B /* Poppins-ThinItalic.ttf */ = {isa = PBXFileReference; lastKnownFileType = file; path = "Poppins-ThinItalic.ttf"; sourceTree = "<group>"; };
		9B96821E261B559200D1980B /* Poppins-ExtraLightItalic.ttf */ = {isa = PBXFileReference; lastKnownFileType = file; path = "Poppins-ExtraLightItalic.ttf"; sourceTree = "<group>"; };
		9B96821F261B559200D1980B /* Poppins-BoldItalic.ttf */ = {isa = PBXFileReference; lastKnownFileType = file; path = "Poppins-BoldItalic.ttf"; sourceTree = "<group>"; };
		9B968220261B559200D1980B /* Poppins-Light.ttf */ = {isa = PBXFileReference; lastKnownFileType = file; path = "Poppins-Light.ttf"; sourceTree = "<group>"; };
		9B968221261B559200D1980B /* Poppins-Medium.ttf */ = {isa = PBXFileReference; lastKnownFileType = file; path = "Poppins-Medium.ttf"; sourceTree = "<group>"; };
		9B968222261B559200D1980B /* Poppins-SemiBoldItalic.ttf */ = {isa = PBXFileReference; lastKnownFileType = file; path = "Poppins-SemiBoldItalic.ttf"; sourceTree = "<group>"; };
		9B968223261B559200D1980B /* Poppins-ExtraBoldItalic.ttf */ = {isa = PBXFileReference; lastKnownFileType = file; path = "Poppins-ExtraBoldItalic.ttf"; sourceTree = "<group>"; };
		9B968224261B559200D1980B /* Poppins-ExtraBold.ttf */ = {isa = PBXFileReference; lastKnownFileType = file; path = "Poppins-ExtraBold.ttf"; sourceTree = "<group>"; };
		9B968225261B559200D1980B /* Poppins-BlackItalic.ttf */ = {isa = PBXFileReference; lastKnownFileType = file; path = "Poppins-BlackItalic.ttf"; sourceTree = "<group>"; };
		9B968226261B559200D1980B /* OFL.txt */ = {isa = PBXFileReference; fileEncoding = 4; lastKnownFileType = text; path = OFL.txt; sourceTree = "<group>"; };
		9B968227261B559200D1980B /* Poppins-Regular.ttf */ = {isa = PBXFileReference; lastKnownFileType = file; path = "Poppins-Regular.ttf"; sourceTree = "<group>"; };
		9B968228261B559200D1980B /* Poppins-LightItalic.ttf */ = {isa = PBXFileReference; lastKnownFileType = file; path = "Poppins-LightItalic.ttf"; sourceTree = "<group>"; };
		9B968229261B559200D1980B /* Poppins-Bold.ttf */ = {isa = PBXFileReference; lastKnownFileType = file; path = "Poppins-Bold.ttf"; sourceTree = "<group>"; };
		9B96822A261B559200D1980B /* Poppins-Black.ttf */ = {isa = PBXFileReference; lastKnownFileType = file; path = "Poppins-Black.ttf"; sourceTree = "<group>"; };
		9B96822B261B559200D1980B /* Poppins-Thin.ttf */ = {isa = PBXFileReference; lastKnownFileType = file; path = "Poppins-Thin.ttf"; sourceTree = "<group>"; };
		9B96822C261B559200D1980B /* Poppins-SemiBold.ttf */ = {isa = PBXFileReference; lastKnownFileType = file; path = "Poppins-SemiBold.ttf"; sourceTree = "<group>"; };
		9B96822D261B559200D1980B /* Poppins-Italic.ttf */ = {isa = PBXFileReference; lastKnownFileType = file; path = "Poppins-Italic.ttf"; sourceTree = "<group>"; };
		9B96822E261B559200D1980B /* Poppins-MediumItalic.ttf */ = {isa = PBXFileReference; lastKnownFileType = file; path = "Poppins-MediumItalic.ttf"; sourceTree = "<group>"; };
		9B9926872625F01900B6FDF9 /* CGRect+Utils.swift */ = {isa = PBXFileReference; fileEncoding = 4; lastKnownFileType = sourcecode.swift; path = "CGRect+Utils.swift"; sourceTree = "<group>"; };
		9B9926882625F01900B6FDF9 /* UIScreen+Utils.swift */ = {isa = PBXFileReference; fileEncoding = 4; lastKnownFileType = sourcecode.swift; path = "UIScreen+Utils.swift"; sourceTree = "<group>"; };
		9B9926892625F01900B6FDF9 /* Object+ClassName.swift */ = {isa = PBXFileReference; fileEncoding = 4; lastKnownFileType = sourcecode.swift; path = "Object+ClassName.swift"; sourceTree = "<group>"; };
		9B99268A2625F01900B6FDF9 /* Font.swift */ = {isa = PBXFileReference; fileEncoding = 4; lastKnownFileType = sourcecode.swift; path = Font.swift; sourceTree = "<group>"; };
		9B99268B2625F01900B6FDF9 /* UIView+Nib.swift */ = {isa = PBXFileReference; fileEncoding = 4; lastKnownFileType = sourcecode.swift; path = "UIView+Nib.swift"; sourceTree = "<group>"; };
		9B99269B2625F2E500B6FDF9 /* UIColor+Utils.swift */ = {isa = PBXFileReference; lastKnownFileType = sourcecode.swift; path = "UIColor+Utils.swift"; sourceTree = "<group>"; };
		9B9926A12625F3BD00B6FDF9 /* PresetsDataSource.swift */ = {isa = PBXFileReference; fileEncoding = 4; lastKnownFileType = sourcecode.swift; path = PresetsDataSource.swift; sourceTree = "<group>"; };
		9B9926A22625F3BD00B6FDF9 /* PresetDescription.swift */ = {isa = PBXFileReference; fileEncoding = 4; lastKnownFileType = sourcecode.swift; path = PresetDescription.swift; sourceTree = "<group>"; };
		9B9926A9262680C400B6FDF9 /* MenuItem.swift */ = {isa = PBXFileReference; lastKnownFileType = sourcecode.swift; path = MenuItem.swift; sourceTree = "<group>"; };
		9B9926B1262680D600B6FDF9 /* MenuItemTopping.swift */ = {isa = PBXFileReference; lastKnownFileType = sourcecode.swift; path = MenuItemTopping.swift; sourceTree = "<group>"; };
		9B9926B6262680EF00B6FDF9 /* OpenHours.swift */ = {isa = PBXFileReference; lastKnownFileType = sourcecode.swift; path = OpenHours.swift; sourceTree = "<group>"; };
		9B9926BB262680FB00B6FDF9 /* Menu.swift */ = {isa = PBXFileReference; lastKnownFileType = sourcecode.swift; path = Menu.swift; sourceTree = "<group>"; };
		9B9926C02626811700B6FDF9 /* Weekday.swift */ = {isa = PBXFileReference; lastKnownFileType = sourcecode.swift; path = Weekday.swift; sourceTree = "<group>"; };
		9B9926C52626813500B6FDF9 /* Restaurant.swift */ = {isa = PBXFileReference; lastKnownFileType = sourcecode.swift; path = Restaurant.swift; sourceTree = "<group>"; };
		9B9926CA2626814A00B6FDF9 /* ToppingGroup.swift */ = {isa = PBXFileReference; lastKnownFileType = sourcecode.swift; path = ToppingGroup.swift; sourceTree = "<group>"; };
		9B9926CF2626816000B6FDF9 /* ToppingItem.swift */ = {isa = PBXFileReference; lastKnownFileType = sourcecode.swift; path = ToppingItem.swift; sourceTree = "<group>"; };
		9B9926D42626817B00B6FDF9 /* RestaurantAddress.swift */ = {isa = PBXFileReference; lastKnownFileType = sourcecode.swift; path = RestaurantAddress.swift; sourceTree = "<group>"; };
		9B9926D92626819100B6FDF9 /* RestaurantCategory.swift */ = {isa = PBXFileReference; lastKnownFileType = sourcecode.swift; path = RestaurantCategory.swift; sourceTree = "<group>"; };
		9B9926DE262681B400B6FDF9 /* Category.swift */ = {isa = PBXFileReference; lastKnownFileType = sourcecode.swift; path = Category.swift; sourceTree = "<group>"; };
		9B9926E3262681CB00B6FDF9 /* CouponCampaign.swift */ = {isa = PBXFileReference; lastKnownFileType = sourcecode.swift; path = CouponCampaign.swift; sourceTree = "<group>"; };
		9B9926E8262681DD00B6FDF9 /* CouponCode.swift */ = {isa = PBXFileReference; lastKnownFileType = sourcecode.swift; path = CouponCode.swift; sourceTree = "<group>"; };
		9B9926ED262681EF00B6FDF9 /* PromotionCampaign.swift */ = {isa = PBXFileReference; lastKnownFileType = sourcecode.swift; path = PromotionCampaign.swift; sourceTree = "<group>"; };
		9B9926F52626827F00B6FDF9 /* User.swift */ = {isa = PBXFileReference; lastKnownFileType = sourcecode.swift; path = User.swift; sourceTree = "<group>"; };
		9B9926FB262695E000B6FDF9 /* Merchant.swift */ = {isa = PBXFileReference; lastKnownFileType = sourcecode.swift; path = Merchant.swift; sourceTree = "<group>"; };
		9B9CF5A926229B320023C83A /* PromotionItemCollectionViewCell.swift */ = {isa = PBXFileReference; lastKnownFileType = sourcecode.swift; path = PromotionItemCollectionViewCell.swift; sourceTree = "<group>"; };
		9B9CF5AA26229B320023C83A /* PromotionItemCollectionViewCell.xib */ = {isa = PBXFileReference; lastKnownFileType = file.xib; path = PromotionItemCollectionViewCell.xib; sourceTree = "<group>"; };
		9BA4E15E262C3B9400BA9F10 /* CheckoutPresenter.swift */ = {isa = PBXFileReference; lastKnownFileType = sourcecode.swift; path = CheckoutPresenter.swift; sourceTree = "<group>"; };
		9BA4E15F262C3B9400BA9F10 /* CheckoutWorker.swift */ = {isa = PBXFileReference; lastKnownFileType = sourcecode.swift; path = CheckoutWorker.swift; sourceTree = "<group>"; };
		9BA4E160262C3B9400BA9F10 /* CheckoutRouter.swift */ = {isa = PBXFileReference; lastKnownFileType = sourcecode.swift; path = CheckoutRouter.swift; sourceTree = "<group>"; };
		9BA4E161262C3B9400BA9F10 /* CheckoutModels.swift */ = {isa = PBXFileReference; lastKnownFileType = sourcecode.swift; path = CheckoutModels.swift; sourceTree = "<group>"; };
		9BA4E162262C3B9400BA9F10 /* CheckoutViewController.swift */ = {isa = PBXFileReference; lastKnownFileType = sourcecode.swift; path = CheckoutViewController.swift; sourceTree = "<group>"; };
		9BA4E163262C3B9400BA9F10 /* CheckoutInteractor.swift */ = {isa = PBXFileReference; lastKnownFileType = sourcecode.swift; path = CheckoutInteractor.swift; sourceTree = "<group>"; };
		9BAD8903262870C00003C746 /* SelectionHeaderView.swift */ = {isa = PBXFileReference; lastKnownFileType = sourcecode.swift; path = SelectionHeaderView.swift; sourceTree = "<group>"; };
		9BC1C6D9261D4488006502F8 /* OrderCheckoutViewController.swift */ = {isa = PBXFileReference; lastKnownFileType = sourcecode.swift; path = OrderCheckoutViewController.swift; sourceTree = "<group>"; };
		9BC1C6E7261D6925006502F8 /* ItemCollectionViewCell.swift */ = {isa = PBXFileReference; lastKnownFileType = sourcecode.swift; path = ItemCollectionViewCell.swift; sourceTree = "<group>"; };
		9BC1C6E8261D6925006502F8 /* ItemCollectionViewCell.xib */ = {isa = PBXFileReference; lastKnownFileType = file.xib; path = ItemCollectionViewCell.xib; sourceTree = "<group>"; };
		9BC2F784261C511D00D5CFBC /* SubContentsViewController.storyboard */ = {isa = PBXFileReference; fileEncoding = 4; lastKnownFileType = file.storyboard; path = SubContentsViewController.storyboard; sourceTree = "<group>"; };
		9BC2F785261C511E00D5CFBC /* SubContentsViewController.swift */ = {isa = PBXFileReference; fileEncoding = 4; lastKnownFileType = sourcecode.swift; path = SubContentsViewController.swift; sourceTree = "<group>"; };
		9BC2F786261C511E00D5CFBC /* LeftViewController.swift */ = {isa = PBXFileReference; fileEncoding = 4; lastKnownFileType = sourcecode.swift; path = LeftViewController.swift; sourceTree = "<group>"; };
		9BC2F787261C511E00D5CFBC /* ExSlideMenuController.swift */ = {isa = PBXFileReference; fileEncoding = 4; lastKnownFileType = sourcecode.swift; path = ExSlideMenuController.swift; sourceTree = "<group>"; };
		9BC2F788261C511E00D5CFBC /* RightViewController.swift */ = {isa = PBXFileReference; fileEncoding = 4; lastKnownFileType = sourcecode.swift; path = RightViewController.swift; sourceTree = "<group>"; };
		9BC2F789261C511E00D5CFBC /* NonMenuController.swift */ = {isa = PBXFileReference; fileEncoding = 4; lastKnownFileType = sourcecode.swift; path = NonMenuController.swift; sourceTree = "<group>"; };
		9BC2F78A261C511F00D5CFBC /* SettingViewController.swift */ = {isa = PBXFileReference; fileEncoding = 4; lastKnownFileType = sourcecode.swift; path = SettingViewController.swift; sourceTree = "<group>"; };
		9BC2F78B261C511F00D5CFBC /* DeliveryViewController.swift */ = {isa = PBXFileReference; fileEncoding = 4; lastKnownFileType = sourcecode.swift; path = DeliveryViewController.swift; sourceTree = "<group>"; };
		9BC2F842261C51C300D5CFBC /* ImageHeaderView.xib */ = {isa = PBXFileReference; fileEncoding = 4; lastKnownFileType = file.xib; path = ImageHeaderView.xib; sourceTree = "<group>"; };
		9BC2F843261C51C300D5CFBC /* ImageHeaderView.swift */ = {isa = PBXFileReference; fileEncoding = 4; lastKnownFileType = sourcecode.swift; path = ImageHeaderView.swift; sourceTree = "<group>"; };
		9BC2F849261C51CC00D5CFBC /* BaseTableViewCell.swift */ = {isa = PBXFileReference; fileEncoding = 4; lastKnownFileType = sourcecode.swift; path = BaseTableViewCell.swift; sourceTree = "<group>"; };
		9BC2F84A261C51CC00D5CFBC /* DataTableViewCell.xib */ = {isa = PBXFileReference; fileEncoding = 4; lastKnownFileType = file.xib; path = DataTableViewCell.xib; sourceTree = "<group>"; };
		9BC2F84B261C51CC00D5CFBC /* DataTableViewCell.swift */ = {isa = PBXFileReference; fileEncoding = 4; lastKnownFileType = sourcecode.swift; path = DataTableViewCell.swift; sourceTree = "<group>"; };
		9BC2F852261C51DB00D5CFBC /* UIColor.swift */ = {isa = PBXFileReference; fileEncoding = 4; lastKnownFileType = sourcecode.swift; path = UIColor.swift; sourceTree = "<group>"; };
		9BC2F853261C51DB00D5CFBC /* UIApplication.swift */ = {isa = PBXFileReference; fileEncoding = 4; lastKnownFileType = sourcecode.swift; path = UIApplication.swift; sourceTree = "<group>"; };
		9BC2F854261C51DB00D5CFBC /* String.swift */ = {isa = PBXFileReference; fileEncoding = 4; lastKnownFileType = sourcecode.swift; path = String.swift; sourceTree = "<group>"; };
		9BC2F855261C51DC00D5CFBC /* UIImage.swift */ = {isa = PBXFileReference; fileEncoding = 4; lastKnownFileType = sourcecode.swift; path = UIImage.swift; sourceTree = "<group>"; };
		9BC2F856261C51DC00D5CFBC /* UITableViewExtension.swift */ = {isa = PBXFileReference; fileEncoding = 4; lastKnownFileType = sourcecode.swift; path = UITableViewExtension.swift; sourceTree = "<group>"; };
		9BC2F857261C51DC00D5CFBC /* UIViewController.swift */ = {isa = PBXFileReference; fileEncoding = 4; lastKnownFileType = sourcecode.swift; path = UIViewController.swift; sourceTree = "<group>"; };
		9BC2F858261C51DC00D5CFBC /* UIImageView.swift */ = {isa = PBXFileReference; fileEncoding = 4; lastKnownFileType = sourcecode.swift; path = UIImageView.swift; sourceTree = "<group>"; };
		9BC2F859261C51DC00D5CFBC /* UIView.swift */ = {isa = PBXFileReference; fileEncoding = 4; lastKnownFileType = sourcecode.swift; path = UIView.swift; sourceTree = "<group>"; };
		9BC31F6226280A3B003AAB3A /* UIButton.swift */ = {isa = PBXFileReference; lastKnownFileType = sourcecode.swift; path = UIButton.swift; sourceTree = "<group>"; };
		9BC31F6726281154003AAB3A /* OrdersCollectionViewController.swift */ = {isa = PBXFileReference; lastKnownFileType = sourcecode.swift; path = OrdersCollectionViewController.swift; sourceTree = "<group>"; };
		9BCB784F261F6D5000AD29E5 /* MenuItemTableViewCell.swift */ = {isa = PBXFileReference; lastKnownFileType = sourcecode.swift; path = MenuItemTableViewCell.swift; sourceTree = "<group>"; };
		9BCB7850261F6D5000AD29E5 /* MenuItemTableViewCell.xib */ = {isa = PBXFileReference; lastKnownFileType = file.xib; path = MenuItemTableViewCell.xib; sourceTree = "<group>"; };
		9BCF66002626AA64008841BA /* MenuItemDetailView.swift */ = {isa = PBXFileReference; lastKnownFileType = sourcecode.swift; path = MenuItemDetailView.swift; sourceTree = "<group>"; };
		9BCF66052626AA76008841BA /* MenuItemDetailView.xib */ = {isa = PBXFileReference; lastKnownFileType = file.xib; path = MenuItemDetailView.xib; sourceTree = "<group>"; };
		9BD26982262AD858000CDABE /* OrdersNetworkInjected.swift */ = {isa = PBXFileReference; lastKnownFileType = sourcecode.swift; path = OrdersNetworkInjected.swift; sourceTree = "<group>"; };
		9BD269BD262AEB60000CDABE /* ApiConfig.swift */ = {isa = PBXFileReference; fileEncoding = 4; lastKnownFileType = sourcecode.swift; path = ApiConfig.swift; sourceTree = "<group>"; };
		9BD269BE262AEB60000CDABE /* Moya+Extensions.swift */ = {isa = PBXFileReference; fileEncoding = 4; lastKnownFileType = sourcecode.swift; path = "Moya+Extensions.swift"; sourceTree = "<group>"; };
		9BD269BF262AEB60000CDABE /* APIManager.swift */ = {isa = PBXFileReference; fileEncoding = 4; lastKnownFileType = sourcecode.swift; path = APIManager.swift; sourceTree = "<group>"; };
		9BD269C7262AEB86000CDABE /* OrderAPIMockData.swift */ = {isa = PBXFileReference; fileEncoding = 4; lastKnownFileType = sourcecode.swift; path = OrderAPIMockData.swift; sourceTree = "<group>"; };
		9BD269C8262AEB86000CDABE /* OrderAPI.swift */ = {isa = PBXFileReference; fileEncoding = 4; lastKnownFileType = sourcecode.swift; path = OrderAPI.swift; sourceTree = "<group>"; };
		9BD269CA262AEB86000CDABE /* Orders.json */ = {isa = PBXFileReference; fileEncoding = 4; lastKnownFileType = text.json; path = Orders.json; sourceTree = "<group>"; };
		9BD269CB262AEB86000CDABE /* Order.json */ = {isa = PBXFileReference; fileEncoding = 4; lastKnownFileType = text.json; path = Order.json; sourceTree = "<group>"; };
		9BF592CD2629683500454A8D /* MenuItemGroup.swift */ = {isa = PBXFileReference; lastKnownFileType = sourcecode.swift; path = MenuItemGroup.swift; sourceTree = "<group>"; };
		C2D2C7F49934219DF4A8F720 /* Pods-smartPOS.release.xcconfig */ = {isa = PBXFileReference; includeInIndex = 1; lastKnownFileType = text.xcconfig; name = "Pods-smartPOS.release.xcconfig"; path = "Target Support Files/Pods-smartPOS/Pods-smartPOS.release.xcconfig"; sourceTree = "<group>"; };
		E26DE8D32A94BA2C1C722DE7 /* Pods-smartPOSTests.release.xcconfig */ = {isa = PBXFileReference; includeInIndex = 1; lastKnownFileType = text.xcconfig; name = "Pods-smartPOSTests.release.xcconfig"; path = "Target Support Files/Pods-smartPOSTests/Pods-smartPOSTests.release.xcconfig"; sourceTree = "<group>"; };
		F83F18F6B29A4C7F9E835502 /* Pods-smartPOS-smartPOSUITests.debug.xcconfig */ = {isa = PBXFileReference; includeInIndex = 1; lastKnownFileType = text.xcconfig; name = "Pods-smartPOS-smartPOSUITests.debug.xcconfig"; path = "Target Support Files/Pods-smartPOS-smartPOSUITests/Pods-smartPOS-smartPOSUITests.debug.xcconfig"; sourceTree = "<group>"; };
/* End PBXFileReference section */

/* Begin PBXFrameworksBuildPhase section */
		715283002213143A004602FF /* Frameworks */ = {
			isa = PBXFrameworksBuildPhase;
			buildActionMask = 2147483647;
			files = (
				9F8FB053ABB2B4B50BFA882F /* Pods_smartPOS.framework in Frameworks */,
			);
			runOnlyForDeploymentPostprocessing = 0;
		};
		715283142213143D004602FF /* Frameworks */ = {
			isa = PBXFrameworksBuildPhase;
			buildActionMask = 2147483647;
			files = (
				12D09C76C66FAEA1D9D20582 /* Pods_smartPOSTests.framework in Frameworks */,
			);
			runOnlyForDeploymentPostprocessing = 0;
		};
		7152831F2213143D004602FF /* Frameworks */ = {
			isa = PBXFrameworksBuildPhase;
			buildActionMask = 2147483647;
			files = (
				41B6E9AA152168EAB3784110 /* Pods_smartPOS_smartPOSUITests.framework in Frameworks */,
			);
			runOnlyForDeploymentPostprocessing = 0;
		};
/* End PBXFrameworksBuildPhase section */

/* Begin PBXGroup section */
		6186380D1E7E9026B1106628 /* Frameworks */ = {
			isa = PBXGroup;
			children = (
				4979C1A7B297667E44D77BB1 /* Pods_smartPOS.framework */,
				4C2232558C009A6492BE04A7 /* Pods_smartPOS_smartPOSUITests.framework */,
				5343D7E44D2ECBD622212C34 /* Pods_smartPOSTests.framework */,
			);
			name = Frameworks;
			sourceTree = "<group>";
		};
		715282FA2213143A004602FF = {
			isa = PBXGroup;
			children = (
				715283052213143A004602FF /* smartPOS */,
				715283252213143D004602FF /* smartPOSUITests */,
				715283042213143A004602FF /* Products */,
				D778AE1625F0EF0C443B5762 /* Pods */,
				6186380D1E7E9026B1106628 /* Frameworks */,
			);
			sourceTree = "<group>";
		};
		715283042213143A004602FF /* Products */ = {
			isa = PBXGroup;
			children = (
				715283032213143A004602FF /* smartPOS.app */,
				715283172213143D004602FF /* smartPOSTests.xctest */,
				715283222213143D004602FF /* smartPOSUITests.xctest */,
			);
			name = Products;
			sourceTree = "<group>";
		};
		715283052213143A004602FF /* smartPOS */ = {
			isa = PBXGroup;
			children = (
				9B5C545D262AC63300D7120A /* Common */,
				71528334221315DB004602FF /* Scenes */,
				715283062213143A004602FF /* AppDelegate.swift */,
				7152830A2213143A004602FF /* Main.storyboard */,
				7152830D2213143D004602FF /* Assets.xcassets */,
				7152830F2213143D004602FF /* LaunchScreen.storyboard */,
				715283122213143D004602FF /* Info.plist */,
			);
			path = smartPOS;
			sourceTree = "<group>";
		};
		715283252213143D004602FF /* smartPOSUITests */ = {
			isa = PBXGroup;
			children = (
				715283262213143D004602FF /* smartPOSUITests.swift */,
				715283282213143D004602FF /* Info.plist */,
			);
			path = smartPOSUITests;
			sourceTree = "<group>";
		};
		71528334221315DB004602FF /* Scenes */ = {
			isa = PBXGroup;
			children = (
				9B3CEC58262BFD2700273A65 /* OrderDetail */,
				9B5C5433262ABC2F00D7120A /* OrdersPage */,
				9BC1C6E6261D682E006502F8 /* SideBar */,
				9B15E3A5261C7B6E00CB252B /* Checkout */,
				9BC2F78A261C511F00D5CFBC /* SettingViewController.swift */,
				9BC2F789261C511E00D5CFBC /* NonMenuController.swift */,
				9BC2F784261C511D00D5CFBC /* SubContentsViewController.storyboard */,
				9BC2F785261C511E00D5CFBC /* SubContentsViewController.swift */,
				9BC2F78B261C511F00D5CFBC /* DeliveryViewController.swift */,
			);
			path = Scenes;
			sourceTree = "<group>";
		};
		7152834F2213676C004602FF /* Workers */ = {
			isa = PBXGroup;
			children = (
				7152835022136C09004602FF /* OrdersWorker.swift */,
				9B57A00D26311B5200D521C1 /* OrderItemsWorker.swift */,
				9B57A008263119B200D521C1 /* MenuItemsWorker.swift */,
			);
			path = Workers;
			sourceTree = "<group>";
		};
		71528352221372AA004602FF /* Models */ = {
			isa = PBXGroup;
			children = (
				9B9926F3262681FD00B6FDF9 /* Coupon */,
				9B9926F2262681F400B6FDF9 /* Restaurant */,
				9B9926A8262680A500B6FDF9 /* Menu */,
				9B9926FA262695D200B6FDF9 /* Merchant */,
				9B9926F42626827100B6FDF9 /* User */,
				71528353221372BA004602FF /* Order.swift */,
				9B5C5443262ABDA800D7120A /* OrderItem.swift */,
				9B5C544B262ABF4900D7120A /* CustomerAddress.swift */,
				9B5C5450262ABF7E00D7120A /* OrderItemTopping.swift */,
			);
			path = Models;
			sourceTree = "<group>";
		};
		7152835522137444004602FF /* Services */ = {
			isa = PBXGroup;
			children = (
				7152835622137458004602FF /* OrdersMemStore.swift */,
				9B57A02726316ACD00D521C1 /* OrderItemsMemStore.swift */,
				9B57A012263126AF00D521C1 /* MenuItemsMemStore.swift */,
				71F123422214EAD40009FC03 /* OrdersCoreDataStore.swift */,
				71F123292214E2720009FC03 /* OrdersAPI.swift */,
			);
			path = Services;
			sourceTree = "<group>";
		};
		9B15E3A5261C7B6E00CB252B /* Checkout */ = {
			isa = PBXGroup;
			children = (
				9BA4E170262C3B9C00BA9F10 /* UIElements */,
				9BA4E15E262C3B9400BA9F10 /* CheckoutPresenter.swift */,
				9BA4E15F262C3B9400BA9F10 /* CheckoutWorker.swift */,
				9BA4E160262C3B9400BA9F10 /* CheckoutRouter.swift */,
				9BA4E161262C3B9400BA9F10 /* CheckoutModels.swift */,
				9BA4E162262C3B9400BA9F10 /* CheckoutViewController.swift */,
				9BA4E163262C3B9400BA9F10 /* CheckoutInteractor.swift */,
			);
			path = Checkout;
			sourceTree = "<group>";
		};
		9B3CEC3D262B5E8900273A65 /* UIElements */ = {
			isa = PBXGroup;
			children = (
				9B3CEC3E262B5E9200273A65 /* Alert.swift */,
			);
			path = UIElements;
			sourceTree = "<group>";
		};
		9B3CEC58262BFD2700273A65 /* OrderDetail */ = {
			isa = PBXGroup;
			children = (
				9B3CEC49262BFD1E00273A65 /* OrderDetailPresenter.swift */,
				9B3CEC4A262BFD1E00273A65 /* OrderDetailWorker.swift */,
				9B3CEC4B262BFD1E00273A65 /* OrderDetailRouter.swift */,
				9B3CEC4C262BFD1E00273A65 /* OrderDetailModels.swift */,
				9B3CEC4D262BFD1E00273A65 /* OrderDetailViewController.swift */,
				9B3CEC4E262BFD1E00273A65 /* OrderDetailInteractor.swift */,
			);
			path = OrderDetail;
			sourceTree = "<group>";
		};
		9B5C5433262ABC2F00D7120A /* OrdersPage */ = {
			isa = PBXGroup;
			children = (
				9BD269F5262AEE6B000CDABE /* UIElements */,
				9B5C5437262ABC8600D7120A /* OrdersPageModels.swift */,
				9B5C5435262ABC8600D7120A /* OrdersPageWorker.swift */,
				9B5C5439262ABC8600D7120A /* OrdersPageInteractor.swift */,
				9B5C5434262ABC8600D7120A /* OrdersPagePresenter.swift */,
				9B5C5436262ABC8600D7120A /* OrdersPageRouter.swift */,
				9B5C5438262ABC8600D7120A /* OrdersPageViewController.swift */,
			);
			path = OrdersPage;
			sourceTree = "<group>";
		};
		9B5C545D262AC63300D7120A /* Common */ = {
			isa = PBXGroup;
			children = (
				9B3CEC3D262B5E8900273A65 /* UIElements */,
				9BD2698D262ADEFC000CDABE /* Network */,
				9BD26981262AD841000CDABE /* DataManagers */,
				9B5C5479262ACD4400D7120A /* RouterProtocol */,
				9B5C545E262AC65300D7120A /* Errors */,
				7152834F2213676C004602FF /* Workers */,
				7152835522137444004602FF /* Services */,
				9BC2F83F261C518800D5CFBC /* View */,
				71528352221372AA004602FF /* Models */,
				9B96820D261B52B700D1980B /* Resources */,
			);
			path = Common;
			sourceTree = "<group>";
		};
		9B5C545E262AC65300D7120A /* Errors */ = {
			isa = PBXGroup;
			children = (
				9B5C545F262AC66600D7120A /* OrderErrors.swift */,
				9B57A01D2631302200D521C1 /* MenuItemErrors.swift */,
				9B57A022263158FA00D521C1 /* OrderItemErrors.swift */,
			);
			path = Errors;
			sourceTree = "<group>";
		};
		9B5C5479262ACD4400D7120A /* RouterProtocol */ = {
			isa = PBXGroup;
			children = (
				9B5C547A262ACD5300D7120A /* RouterProtocol.swift */,
			);
			path = RouterProtocol;
			sourceTree = "<group>";
		};
		9B96820D261B52B700D1980B /* Resources */ = {
			isa = PBXGroup;
			children = (
				9B9926A02625F3BD00B6FDF9 /* PresetsData */,
				9B9926852625F01900B6FDF9 /* Utils */,
				9BC2F840261C51A000D5CFBC /* Extension */,
				9B96821B261B559200D1980B /* Poppins */,
			);
			path = Resources;
			sourceTree = "<group>";
		};
		9B96821B261B559200D1980B /* Poppins */ = {
			isa = PBXGroup;
			children = (
				9B96821C261B559200D1980B /* Poppins-ExtraLight.ttf */,
				9B96821D261B559200D1980B /* Poppins-ThinItalic.ttf */,
				9B96821E261B559200D1980B /* Poppins-ExtraLightItalic.ttf */,
				9B96821F261B559200D1980B /* Poppins-BoldItalic.ttf */,
				9B968220261B559200D1980B /* Poppins-Light.ttf */,
				9B968221261B559200D1980B /* Poppins-Medium.ttf */,
				9B968222261B559200D1980B /* Poppins-SemiBoldItalic.ttf */,
				9B968223261B559200D1980B /* Poppins-ExtraBoldItalic.ttf */,
				9B968224261B559200D1980B /* Poppins-ExtraBold.ttf */,
				9B968225261B559200D1980B /* Poppins-BlackItalic.ttf */,
				9B968226261B559200D1980B /* OFL.txt */,
				9B968227261B559200D1980B /* Poppins-Regular.ttf */,
				9B968228261B559200D1980B /* Poppins-LightItalic.ttf */,
				9B968229261B559200D1980B /* Poppins-Bold.ttf */,
				9B96822A261B559200D1980B /* Poppins-Black.ttf */,
				9B96822B261B559200D1980B /* Poppins-Thin.ttf */,
				9B96822C261B559200D1980B /* Poppins-SemiBold.ttf */,
				9B96822D261B559200D1980B /* Poppins-Italic.ttf */,
				9B96822E261B559200D1980B /* Poppins-MediumItalic.ttf */,
			);
			path = Poppins;
			sourceTree = "<group>";
		};
		9B9926852625F01900B6FDF9 /* Utils */ = {
			isa = PBXGroup;
			children = (
				9B9926872625F01900B6FDF9 /* CGRect+Utils.swift */,
				9B9926882625F01900B6FDF9 /* UIScreen+Utils.swift */,
				9B9926892625F01900B6FDF9 /* Object+ClassName.swift */,
				9B99268A2625F01900B6FDF9 /* Font.swift */,
				9B99268B2625F01900B6FDF9 /* UIView+Nib.swift */,
				9B99269B2625F2E500B6FDF9 /* UIColor+Utils.swift */,
			);
			path = Utils;
			sourceTree = "<group>";
		};
		9B9926A02625F3BD00B6FDF9 /* PresetsData */ = {
			isa = PBXGroup;
			children = (
				9B9926A12625F3BD00B6FDF9 /* PresetsDataSource.swift */,
				9B9926A22625F3BD00B6FDF9 /* PresetDescription.swift */,
			);
			path = PresetsData;
			sourceTree = "<group>";
		};
		9B9926A8262680A500B6FDF9 /* Menu */ = {
			isa = PBXGroup;
			children = (
				9B9926BB262680FB00B6FDF9 /* Menu.swift */,
				9B9926A9262680C400B6FDF9 /* MenuItem.swift */,
				9BF592CD2629683500454A8D /* MenuItemGroup.swift */,
				9B9926CF2626816000B6FDF9 /* ToppingItem.swift */,
				9B9926CA2626814A00B6FDF9 /* ToppingGroup.swift */,
				9B9926B1262680D600B6FDF9 /* MenuItemTopping.swift */,
			);
			path = Menu;
			sourceTree = "<group>";
		};
		9B9926F2262681F400B6FDF9 /* Restaurant */ = {
			isa = PBXGroup;
			children = (
				9B9926B6262680EF00B6FDF9 /* OpenHours.swift */,
				9B9926C02626811700B6FDF9 /* Weekday.swift */,
				9B9926C52626813500B6FDF9 /* Restaurant.swift */,
				9B9926D42626817B00B6FDF9 /* RestaurantAddress.swift */,
				9B9926D92626819100B6FDF9 /* RestaurantCategory.swift */,
				9B9926DE262681B400B6FDF9 /* Category.swift */,
			);
			path = Restaurant;
			sourceTree = "<group>";
		};
		9B9926F3262681FD00B6FDF9 /* Coupon */ = {
			isa = PBXGroup;
			children = (
				9B9926E3262681CB00B6FDF9 /* CouponCampaign.swift */,
				9B9926E8262681DD00B6FDF9 /* CouponCode.swift */,
				9B9926ED262681EF00B6FDF9 /* PromotionCampaign.swift */,
			);
			path = Coupon;
			sourceTree = "<group>";
		};
		9B9926F42626827100B6FDF9 /* User */ = {
			isa = PBXGroup;
			children = (
				9B9926F52626827F00B6FDF9 /* User.swift */,
			);
			path = User;
			sourceTree = "<group>";
		};
		9B9926FA262695D200B6FDF9 /* Merchant */ = {
			isa = PBXGroup;
			children = (
				9B9926FB262695E000B6FDF9 /* Merchant.swift */,
			);
			path = Merchant;
			sourceTree = "<group>";
		};
		9BA4E170262C3B9C00BA9F10 /* UIElements */ = {
			isa = PBXGroup;
			children = (
				9B15E3B1261CCF4900CB252B /* ItemsCollectionViewController.swift */,
				9BC1C6D9261D4488006502F8 /* OrderCheckoutViewController.swift */,
				9B85808D262183FC00BBC550 /* PromotionsViewController.swift */,
			);
			path = UIElements;
			sourceTree = "<group>";
		};
		9BC1C6E6261D682E006502F8 /* SideBar */ = {
			isa = PBXGroup;
			children = (
				9BC2F787261C511E00D5CFBC /* ExSlideMenuController.swift */,
				9BC2F786261C511E00D5CFBC /* LeftViewController.swift */,
				9BC2F788261C511E00D5CFBC /* RightViewController.swift */,
			);
			path = SideBar;
			sourceTree = "<group>";
		};
		9BC2F83F261C518800D5CFBC /* View */ = {
			isa = PBXGroup;
			children = (
				9BC2F843261C51C300D5CFBC /* ImageHeaderView.swift */,
				9BC2F842261C51C300D5CFBC /* ImageHeaderView.xib */,
				9B15E39F261C792E00CB252B /* Cell.swift */,
				9BCB7853261F806C00AD29E5 /* CollectionViewCell */,
				9BC2F841261C51B000D5CFBC /* TableViewCell */,
				9BCF66002626AA64008841BA /* MenuItemDetailView.swift */,
				9BCF66052626AA76008841BA /* MenuItemDetailView.xib */,
				9B41FF54263440FF004E289A /* NumPadViewController.swift */,
			);
			path = View;
			sourceTree = "<group>";
		};
		9BC2F840261C51A000D5CFBC /* Extension */ = {
			isa = PBXGroup;
			children = (
				9BC2F854261C51DB00D5CFBC /* String.swift */,
				9BC2F853261C51DB00D5CFBC /* UIApplication.swift */,
				9BC2F852261C51DB00D5CFBC /* UIColor.swift */,
				9BC2F855261C51DC00D5CFBC /* UIImage.swift */,
				9BC2F858261C51DC00D5CFBC /* UIImageView.swift */,
				9BC2F856261C51DC00D5CFBC /* UITableViewExtension.swift */,
				9BC2F859261C51DC00D5CFBC /* UIView.swift */,
				9BC2F857261C51DC00D5CFBC /* UIViewController.swift */,
				9B3383FD2627F09F00026A36 /* PaddingLabel.swift */,
				9BC31F6226280A3B003AAB3A /* UIButton.swift */,
				9B087130262868ED00DD465C /* LTHRadioButton.swift */,
				9BAD8903262870C00003C746 /* SelectionHeaderView.swift */,
			);
			path = Extension;
			sourceTree = "<group>";
		};
		9BC2F841261C51B000D5CFBC /* TableViewCell */ = {
			isa = PBXGroup;
			children = (
				9BC2F849261C51CC00D5CFBC /* BaseTableViewCell.swift */,
				9BC2F84B261C51CC00D5CFBC /* DataTableViewCell.swift */,
				9BC2F84A261C51CC00D5CFBC /* DataTableViewCell.xib */,
				9BCB784F261F6D5000AD29E5 /* MenuItemTableViewCell.swift */,
				9BCB7850261F6D5000AD29E5 /* MenuItemTableViewCell.xib */,
				9B7E0A5126202E2C00DAEABB /* OrderItemTableViewCell.swift */,
				9B7E0A5226202E2C00DAEABB /* OrderItemTableViewCell.xib */,
				9B087129262868A100DD465C /* RadioTableViewCell.swift */,
				9B08712A262868A100DD465C /* RadioTableViewCell.xib */,
			);
			path = TableViewCell;
			sourceTree = "<group>";
		};
		9BCB7853261F806C00AD29E5 /* CollectionViewCell */ = {
			isa = PBXGroup;
			children = (
				9BC1C6E7261D6925006502F8 /* ItemCollectionViewCell.swift */,
				9BC1C6E8261D6925006502F8 /* ItemCollectionViewCell.xib */,
				9B9CF5A926229B320023C83A /* PromotionItemCollectionViewCell.swift */,
				9B9CF5AA26229B320023C83A /* PromotionItemCollectionViewCell.xib */,
			);
			path = CollectionViewCell;
			sourceTree = "<group>";
		};
		9BD26981262AD841000CDABE /* DataManagers */ = {
			isa = PBXGroup;
			children = (
				9BD26982262AD858000CDABE /* OrdersNetworkInjected.swift */,
			);
			path = DataManagers;
			sourceTree = "<group>";
		};
		9BD2698D262ADEFC000CDABE /* Network */ = {
			isa = PBXGroup;
			children = (
				9BD269C6262AEB66000CDABE /* Orders */,
				9BD269BD262AEB60000CDABE /* ApiConfig.swift */,
				9BD269BF262AEB60000CDABE /* APIManager.swift */,
				9BD269BE262AEB60000CDABE /* Moya+Extensions.swift */,
			);
			path = Network;
			sourceTree = "<group>";
		};
		9BD269C6262AEB66000CDABE /* Orders */ = {
			isa = PBXGroup;
			children = (
				9BD269C8262AEB86000CDABE /* OrderAPI.swift */,
				9BD269C7262AEB86000CDABE /* OrderAPIMockData.swift */,
				9BD269C9262AEB86000CDABE /* Stubs */,
			);
			path = Orders;
			sourceTree = "<group>";
		};
		9BD269C9262AEB86000CDABE /* Stubs */ = {
			isa = PBXGroup;
			children = (
				9BD269CA262AEB86000CDABE /* Orders.json */,
				9BD269CB262AEB86000CDABE /* Order.json */,
			);
			path = Stubs;
			sourceTree = "<group>";
		};
		9BD269F5262AEE6B000CDABE /* UIElements */ = {
			isa = PBXGroup;
			children = (
				9BC31F6726281154003AAB3A /* OrdersCollectionViewController.swift */,
				9B4A32AA2627DE3100705D06 /* OrderCollectionViewCell.swift */,
				9B4A32AB2627DE3100705D06 /* OrderCollectionViewCell.xib */,
			);
			path = UIElements;
			sourceTree = "<group>";
		};
		D778AE1625F0EF0C443B5762 /* Pods */ = {
			isa = PBXGroup;
			children = (
				0368289D7E17CCC7D53A43AC /* Pods-smartPOS.debug.xcconfig */,
				C2D2C7F49934219DF4A8F720 /* Pods-smartPOS.release.xcconfig */,
				F83F18F6B29A4C7F9E835502 /* Pods-smartPOS-smartPOSUITests.debug.xcconfig */,
				756B49B95E7629404DAC3C16 /* Pods-smartPOS-smartPOSUITests.release.xcconfig */,
				83F7CE37DC57B6E9EFE144C1 /* Pods-smartPOSTests.debug.xcconfig */,
				E26DE8D32A94BA2C1C722DE7 /* Pods-smartPOSTests.release.xcconfig */,
			);
			path = Pods;
			sourceTree = "<group>";
		};
/* End PBXGroup section */

/* Begin PBXNativeTarget section */
		715283022213143A004602FF /* smartPOS */ = {
			isa = PBXNativeTarget;
			buildConfigurationList = 7152832B2213143D004602FF /* Build configuration list for PBXNativeTarget "smartPOS" */;
			buildPhases = (
				EB5D08AD302EA22FC492046B /* [CP] Check Pods Manifest.lock */,
				715282FF2213143A004602FF /* Sources */,
				715283002213143A004602FF /* Frameworks */,
				715283012213143A004602FF /* Resources */,
				DE06EEA3ACAE73551D0F913D /* [CP] Embed Pods Frameworks */,
			);
			buildRules = (
			);
			dependencies = (
			);
			name = smartPOS;
			productName = CleanStore;
			productReference = 715283032213143A004602FF /* smartPOS.app */;
			productType = "com.apple.product-type.application";
		};
		715283162213143D004602FF /* smartPOSTests */ = {
			isa = PBXNativeTarget;
			buildConfigurationList = 7152832E2213143D004602FF /* Build configuration list for PBXNativeTarget "smartPOSTests" */;
			buildPhases = (
				05E60D78067A137A6AF9E8EC /* [CP] Check Pods Manifest.lock */,
				715283132213143D004602FF /* Sources */,
				715283142213143D004602FF /* Frameworks */,
				715283152213143D004602FF /* Resources */,
			);
			buildRules = (
			);
			dependencies = (
				715283192213143D004602FF /* PBXTargetDependency */,
			);
			name = smartPOSTests;
			productName = CleanStoreTests;
			productReference = 715283172213143D004602FF /* smartPOSTests.xctest */;
			productType = "com.apple.product-type.bundle.unit-test";
		};
		715283212213143D004602FF /* smartPOSUITests */ = {
			isa = PBXNativeTarget;
			buildConfigurationList = 715283312213143D004602FF /* Build configuration list for PBXNativeTarget "smartPOSUITests" */;
			buildPhases = (
				D90F5FCF92930169E7FD6AE0 /* [CP] Check Pods Manifest.lock */,
				7152831E2213143D004602FF /* Sources */,
				7152831F2213143D004602FF /* Frameworks */,
				715283202213143D004602FF /* Resources */,
				780280DD5AF5185002EAD58A /* [CP] Embed Pods Frameworks */,
			);
			buildRules = (
			);
			dependencies = (
				715283242213143D004602FF /* PBXTargetDependency */,
			);
			name = smartPOSUITests;
			productName = CleanStoreUITests;
			productReference = 715283222213143D004602FF /* smartPOSUITests.xctest */;
			productType = "com.apple.product-type.bundle.ui-testing";
		};
/* End PBXNativeTarget section */

/* Begin PBXProject section */
		715282FB2213143A004602FF /* Project object */ = {
			isa = PBXProject;
			attributes = {
				LastSwiftUpdateCheck = 1010;
				LastUpgradeCheck = 1010;
				ORGANIZATIONNAME = "Clean Swift LLC";
				TargetAttributes = {
					715283022213143A004602FF = {
						CreatedOnToolsVersion = 10.1;
						LastSwiftMigration = 1020;
					};
					715283162213143D004602FF = {
						CreatedOnToolsVersion = 10.1;
						LastSwiftMigration = 1020;
						TestTargetID = 715283022213143A004602FF;
					};
					715283212213143D004602FF = {
						CreatedOnToolsVersion = 10.1;
						LastSwiftMigration = 1020;
						TestTargetID = 715283022213143A004602FF;
					};
				};
			};
			buildConfigurationList = 715282FE2213143A004602FF /* Build configuration list for PBXProject "smartPOS" */;
			compatibilityVersion = "Xcode 9.3";
			developmentRegion = en;
			hasScannedForEncodings = 0;
			knownRegions = (
				en,
				Base,
			);
			mainGroup = 715282FA2213143A004602FF;
			productRefGroup = 715283042213143A004602FF /* Products */;
			projectDirPath = "";
			projectRoot = "";
			targets = (
				715283022213143A004602FF /* smartPOS */,
				715283162213143D004602FF /* smartPOSTests */,
				715283212213143D004602FF /* smartPOSUITests */,
			);
		};
/* End PBXProject section */

/* Begin PBXResourcesBuildPhase section */
		715283012213143A004602FF /* Resources */ = {
			isa = PBXResourcesBuildPhase;
			buildActionMask = 2147483647;
			files = (
				9B96823E261B559200D1980B /* Poppins-Thin.ttf in Resources */,
				9B7E0A5426202E2C00DAEABB /* OrderItemTableViewCell.xib in Resources */,
				9B968241261B559200D1980B /* Poppins-MediumItalic.ttf in Resources */,
				9B968239261B559200D1980B /* OFL.txt in Resources */,
				9B968231261B559200D1980B /* Poppins-ExtraLightItalic.ttf in Resources */,
				9B968238261B559200D1980B /* Poppins-BlackItalic.ttf in Resources */,
				9BD269CE262AEB86000CDABE /* Orders.json in Resources */,
				9B96822F261B559200D1980B /* Poppins-ExtraLight.ttf in Resources */,
				9BCB7852261F6D5000AD29E5 /* MenuItemTableViewCell.xib in Resources */,
				9B96823F261B559200D1980B /* Poppins-SemiBold.ttf in Resources */,
				9B968232261B559200D1980B /* Poppins-BoldItalic.ttf in Resources */,
				9B968233261B559200D1980B /* Poppins-Light.ttf in Resources */,
				9B96823D261B559200D1980B /* Poppins-Black.ttf in Resources */,
				9B4A32AD2627DE3100705D06 /* OrderCollectionViewCell.xib in Resources */,
				9B968240261B559200D1980B /* Poppins-Italic.ttf in Resources */,
				9BC2F844261C51C300D5CFBC /* ImageHeaderView.xib in Resources */,
				9B968237261B559200D1980B /* Poppins-ExtraBold.ttf in Resources */,
				9BC1C6EA261D6925006502F8 /* ItemCollectionViewCell.xib in Resources */,
				9B96823B261B559200D1980B /* Poppins-LightItalic.ttf in Resources */,
				715283112213143D004602FF /* LaunchScreen.storyboard in Resources */,
				9BC2F84D261C51CC00D5CFBC /* DataTableViewCell.xib in Resources */,
				9B968235261B559200D1980B /* Poppins-SemiBoldItalic.ttf in Resources */,
				9B96823A261B559200D1980B /* Poppins-Regular.ttf in Resources */,
				9B968236261B559200D1980B /* Poppins-ExtraBoldItalic.ttf in Resources */,
				9B96823C261B559200D1980B /* Poppins-Bold.ttf in Resources */,
				9B968230261B559200D1980B /* Poppins-ThinItalic.ttf in Resources */,
				9B08712C262868A100DD465C /* RadioTableViewCell.xib in Resources */,
				9BC2F78E261C511F00D5CFBC /* SubContentsViewController.storyboard in Resources */,
				9BCF66062626AA76008841BA /* MenuItemDetailView.xib in Resources */,
				9B968234261B559200D1980B /* Poppins-Medium.ttf in Resources */,
				9BD269CF262AEB86000CDABE /* Order.json in Resources */,
				9B9CF5AC26229B320023C83A /* PromotionItemCollectionViewCell.xib in Resources */,
				7152830E2213143D004602FF /* Assets.xcassets in Resources */,
				7152830C2213143A004602FF /* Main.storyboard in Resources */,
			);
			runOnlyForDeploymentPostprocessing = 0;
		};
		715283152213143D004602FF /* Resources */ = {
			isa = PBXResourcesBuildPhase;
			buildActionMask = 2147483647;
			files = (
			);
			runOnlyForDeploymentPostprocessing = 0;
		};
		715283202213143D004602FF /* Resources */ = {
			isa = PBXResourcesBuildPhase;
			buildActionMask = 2147483647;
			files = (
			);
			runOnlyForDeploymentPostprocessing = 0;
		};
/* End PBXResourcesBuildPhase section */

/* Begin PBXShellScriptBuildPhase section */
		05E60D78067A137A6AF9E8EC /* [CP] Check Pods Manifest.lock */ = {
			isa = PBXShellScriptBuildPhase;
			buildActionMask = 2147483647;
			files = (
			);
			inputFileListPaths = (
			);
			inputPaths = (
				"${PODS_PODFILE_DIR_PATH}/Podfile.lock",
				"${PODS_ROOT}/Manifest.lock",
			);
			name = "[CP] Check Pods Manifest.lock";
			outputFileListPaths = (
			);
			outputPaths = (
				"$(DERIVED_FILE_DIR)/Pods-smartPOSTests-checkManifestLockResult.txt",
			);
			runOnlyForDeploymentPostprocessing = 0;
			shellPath = /bin/sh;
			shellScript = "diff \"${PODS_PODFILE_DIR_PATH}/Podfile.lock\" \"${PODS_ROOT}/Manifest.lock\" > /dev/null\nif [ $? != 0 ] ; then\n    # print error to STDERR\n    echo \"error: The sandbox is not in sync with the Podfile.lock. Run 'pod install' or update your CocoaPods installation.\" >&2\n    exit 1\nfi\n# This output is used by Xcode 'outputs' to avoid re-running this script phase.\necho \"SUCCESS\" > \"${SCRIPT_OUTPUT_FILE_0}\"\n";
			showEnvVarsInLog = 0;
		};
		780280DD5AF5185002EAD58A /* [CP] Embed Pods Frameworks */ = {
			isa = PBXShellScriptBuildPhase;
			buildActionMask = 2147483647;
			files = (
			);
			inputFileListPaths = (
				"${PODS_ROOT}/Target Support Files/Pods-smartPOS-smartPOSUITests/Pods-smartPOS-smartPOSUITests-frameworks-${CONFIGURATION}-input-files.xcfilelist",
			);
			name = "[CP] Embed Pods Frameworks";
			outputFileListPaths = (
				"${PODS_ROOT}/Target Support Files/Pods-smartPOS-smartPOSUITests/Pods-smartPOS-smartPOSUITests-frameworks-${CONFIGURATION}-output-files.xcfilelist",
			);
			runOnlyForDeploymentPostprocessing = 0;
			shellPath = /bin/sh;
			shellScript = "\"${PODS_ROOT}/Target Support Files/Pods-smartPOS-smartPOSUITests/Pods-smartPOS-smartPOSUITests-frameworks.sh\"\n";
			showEnvVarsInLog = 0;
		};
		D90F5FCF92930169E7FD6AE0 /* [CP] Check Pods Manifest.lock */ = {
			isa = PBXShellScriptBuildPhase;
			buildActionMask = 2147483647;
			files = (
			);
			inputFileListPaths = (
			);
			inputPaths = (
				"${PODS_PODFILE_DIR_PATH}/Podfile.lock",
				"${PODS_ROOT}/Manifest.lock",
			);
			name = "[CP] Check Pods Manifest.lock";
			outputFileListPaths = (
			);
			outputPaths = (
				"$(DERIVED_FILE_DIR)/Pods-smartPOS-smartPOSUITests-checkManifestLockResult.txt",
			);
			runOnlyForDeploymentPostprocessing = 0;
			shellPath = /bin/sh;
			shellScript = "diff \"${PODS_PODFILE_DIR_PATH}/Podfile.lock\" \"${PODS_ROOT}/Manifest.lock\" > /dev/null\nif [ $? != 0 ] ; then\n    # print error to STDERR\n    echo \"error: The sandbox is not in sync with the Podfile.lock. Run 'pod install' or update your CocoaPods installation.\" >&2\n    exit 1\nfi\n# This output is used by Xcode 'outputs' to avoid re-running this script phase.\necho \"SUCCESS\" > \"${SCRIPT_OUTPUT_FILE_0}\"\n";
			showEnvVarsInLog = 0;
		};
		DE06EEA3ACAE73551D0F913D /* [CP] Embed Pods Frameworks */ = {
			isa = PBXShellScriptBuildPhase;
			buildActionMask = 2147483647;
			files = (
			);
			inputFileListPaths = (
				"${PODS_ROOT}/Target Support Files/Pods-smartPOS/Pods-smartPOS-frameworks-${CONFIGURATION}-input-files.xcfilelist",
			);
			name = "[CP] Embed Pods Frameworks";
			outputFileListPaths = (
				"${PODS_ROOT}/Target Support Files/Pods-smartPOS/Pods-smartPOS-frameworks-${CONFIGURATION}-output-files.xcfilelist",
			);
			runOnlyForDeploymentPostprocessing = 0;
			shellPath = /bin/sh;
			shellScript = "\"${PODS_ROOT}/Target Support Files/Pods-smartPOS/Pods-smartPOS-frameworks.sh\"\n";
			showEnvVarsInLog = 0;
		};
		EB5D08AD302EA22FC492046B /* [CP] Check Pods Manifest.lock */ = {
			isa = PBXShellScriptBuildPhase;
			buildActionMask = 2147483647;
			files = (
			);
			inputFileListPaths = (
			);
			inputPaths = (
				"${PODS_PODFILE_DIR_PATH}/Podfile.lock",
				"${PODS_ROOT}/Manifest.lock",
			);
			name = "[CP] Check Pods Manifest.lock";
			outputFileListPaths = (
			);
			outputPaths = (
				"$(DERIVED_FILE_DIR)/Pods-smartPOS-checkManifestLockResult.txt",
			);
			runOnlyForDeploymentPostprocessing = 0;
			shellPath = /bin/sh;
			shellScript = "diff \"${PODS_PODFILE_DIR_PATH}/Podfile.lock\" \"${PODS_ROOT}/Manifest.lock\" > /dev/null\nif [ $? != 0 ] ; then\n    # print error to STDERR\n    echo \"error: The sandbox is not in sync with the Podfile.lock. Run 'pod install' or update your CocoaPods installation.\" >&2\n    exit 1\nfi\n# This output is used by Xcode 'outputs' to avoid re-running this script phase.\necho \"SUCCESS\" > \"${SCRIPT_OUTPUT_FILE_0}\"\n";
			showEnvVarsInLog = 0;
		};
/* End PBXShellScriptBuildPhase section */

/* Begin PBXSourcesBuildPhase section */
		715282FF2213143A004602FF /* Sources */ = {
			isa = PBXSourcesBuildPhase;
			buildActionMask = 2147483647;
			files = (
				9B7E0A5326202E2C00DAEABB /* OrderItemTableViewCell.swift in Sources */,
				9B087131262868ED00DD465C /* LTHRadioButton.swift in Sources */,
				9B3CEC51262BFD1E00273A65 /* OrderDetailRouter.swift in Sources */,
				9B57A013263126AF00D521C1 /* MenuItemsMemStore.swift in Sources */,
				9B5C543D262ABC8600D7120A /* OrdersPageModels.swift in Sources */,
				9B3CEC52262BFD1E00273A65 /* OrderDetailModels.swift in Sources */,
				9B3CEC3F262B5E9200273A65 /* Alert.swift in Sources */,
				9B9926D02626816000B6FDF9 /* ToppingItem.swift in Sources */,
				9BA4E164262C3B9400BA9F10 /* CheckoutPresenter.swift in Sources */,
				9B41FF55263440FF004E289A /* NumPadViewController.swift in Sources */,
				9B5C547B262ACD5300D7120A /* RouterProtocol.swift in Sources */,
				9BD26983262AD858000CDABE /* OrdersNetworkInjected.swift in Sources */,
				71528354221372BA004602FF /* Order.swift in Sources */,
				9BC2F78F261C511F00D5CFBC /* SubContentsViewController.swift in Sources */,
				9B08712B262868A100DD465C /* RadioTableViewCell.swift in Sources */,
				9B9926E9262681DD00B6FDF9 /* CouponCode.swift in Sources */,
				9B9926912625F01900B6FDF9 /* UIView+Nib.swift in Sources */,
				9BD269CD262AEB86000CDABE /* OrderAPI.swift in Sources */,
				9B4A32AC2627DE3100705D06 /* OrderCollectionViewCell.swift in Sources */,
				9BC2F795261C511F00D5CFBC /* DeliveryViewController.swift in Sources */,
				9BC31F6826281154003AAB3A /* OrdersCollectionViewController.swift in Sources */,
				9B3CEC53262BFD1E00273A65 /* OrderDetailViewController.swift in Sources */,
				9B3CEC54262BFD1E00273A65 /* OrderDetailInteractor.swift in Sources */,
				9B99269C2625F2E500B6FDF9 /* UIColor+Utils.swift in Sources */,
				9B9926DA2626819100B6FDF9 /* RestaurantCategory.swift in Sources */,
				9B57A023263158FA00D521C1 /* OrderItemErrors.swift in Sources */,
				9BC2F792261C511F00D5CFBC /* RightViewController.swift in Sources */,
				9B9926A32625F3BD00B6FDF9 /* PresetsDataSource.swift in Sources */,
				9B15E3A0261C792E00CB252B /* Cell.swift in Sources */,
				9B9926D52626817B00B6FDF9 /* RestaurantAddress.swift in Sources */,
				9BAD8904262870C00003C746 /* SelectionHeaderView.swift in Sources */,
				9BC2F85C261C51DC00D5CFBC /* String.swift in Sources */,
				9BD269CC262AEB86000CDABE /* OrderAPIMockData.swift in Sources */,
				9B5C543F262ABC8600D7120A /* OrdersPageInteractor.swift in Sources */,
				9B9CF5AB26229B320023C83A /* PromotionItemCollectionViewCell.swift in Sources */,
				9BA4E168262C3B9400BA9F10 /* CheckoutViewController.swift in Sources */,
				9BC2F790261C511F00D5CFBC /* LeftViewController.swift in Sources */,
				9BC2F84C261C51CC00D5CFBC /* BaseTableViewCell.swift in Sources */,
				9BA4E169262C3B9400BA9F10 /* CheckoutInteractor.swift in Sources */,
				9B5C544C262ABF4900D7120A /* CustomerAddress.swift in Sources */,
				9BF592CE2629683500454A8D /* MenuItemGroup.swift in Sources */,
				9B5C543A262ABC8600D7120A /* OrdersPagePresenter.swift in Sources */,
				9BC31F6326280A3B003AAB3A /* UIButton.swift in Sources */,
				9B9926902625F01900B6FDF9 /* Font.swift in Sources */,
				9BD269C2262AEB60000CDABE /* APIManager.swift in Sources */,
				9B9926FC262695E000B6FDF9 /* Merchant.swift in Sources */,
				715283072213143A004602FF /* AppDelegate.swift in Sources */,
				9BC2F84E261C51CC00D5CFBC /* DataTableViewCell.swift in Sources */,
				9B9926EE262681EF00B6FDF9 /* PromotionCampaign.swift in Sources */,
				9B57A02826316ACD00D521C1 /* OrderItemsMemStore.swift in Sources */,
				9BC2F861261C51DC00D5CFBC /* UIView.swift in Sources */,
				9B5C543C262ABC8600D7120A /* OrdersPageRouter.swift in Sources */,
				9BCF66012626AA64008841BA /* MenuItemDetailView.swift in Sources */,
				9BC2F85E261C51DC00D5CFBC /* UITableViewExtension.swift in Sources */,
				9BC2F85B261C51DC00D5CFBC /* UIApplication.swift in Sources */,
				9BCB7851261F6D5000AD29E5 /* MenuItemTableViewCell.swift in Sources */,
				9B5C5444262ABDA800D7120A /* OrderItem.swift in Sources */,
				9BC2F85F261C51DC00D5CFBC /* UIViewController.swift in Sources */,
				9B9926B7262680EF00B6FDF9 /* OpenHours.swift in Sources */,
				9B3CEC50262BFD1E00273A65 /* OrderDetailWorker.swift in Sources */,
				9BA4E165262C3B9400BA9F10 /* CheckoutWorker.swift in Sources */,
				9B9926C12626811700B6FDF9 /* Weekday.swift in Sources */,
				9B9926A42625F3BD00B6FDF9 /* PresetDescription.swift in Sources */,
				9B3383FE2627F09F00026A36 /* PaddingLabel.swift in Sources */,
				9B5C5460262AC66600D7120A /* OrderErrors.swift in Sources */,
				9BC2F845261C51C300D5CFBC /* ImageHeaderView.swift in Sources */,
				9B5C543E262ABC8600D7120A /* OrdersPageViewController.swift in Sources */,
				9B9926AA262680C400B6FDF9 /* MenuItem.swift in Sources */,
				9B57A01E2631302200D521C1 /* MenuItemErrors.swift in Sources */,
				9BC2F85A261C51DC00D5CFBC /* UIColor.swift in Sources */,
				9B99268F2625F01900B6FDF9 /* Object+ClassName.swift in Sources */,
				9B9926DF262681B400B6FDF9 /* Category.swift in Sources */,
				9B9926CB2626814A00B6FDF9 /* ToppingGroup.swift in Sources */,
				71F123432214EAD40009FC03 /* OrdersCoreDataStore.swift in Sources */,
				9B9926C62626813500B6FDF9 /* Restaurant.swift in Sources */,
				9B57A009263119B200D521C1 /* MenuItemsWorker.swift in Sources */,
				9BA4E167262C3B9400BA9F10 /* CheckoutModels.swift in Sources */,
				9BC2F85D261C51DC00D5CFBC /* UIImage.swift in Sources */,
				71F1232A2214E2720009FC03 /* OrdersAPI.swift in Sources */,
				9B57A00E26311B5200D521C1 /* OrderItemsWorker.swift in Sources */,
				9B99268D2625F01900B6FDF9 /* CGRect+Utils.swift in Sources */,
				9B5C5451262ABF7E00D7120A /* OrderItemTopping.swift in Sources */,
				7152835122136C09004602FF /* OrdersWorker.swift in Sources */,
				9BC1C6DA261D4488006502F8 /* OrderCheckoutViewController.swift in Sources */,
				9B15E3B2261CCF4900CB252B /* ItemsCollectionViewController.swift in Sources */,
				9B9926B2262680D600B6FDF9 /* MenuItemTopping.swift in Sources */,
				7152835722137458004602FF /* OrdersMemStore.swift in Sources */,
				9BC2F793261C511F00D5CFBC /* NonMenuController.swift in Sources */,
				9BC2F791261C511F00D5CFBC /* ExSlideMenuController.swift in Sources */,
				9BD269C0262AEB60000CDABE /* ApiConfig.swift in Sources */,
				9BA4E166262C3B9400BA9F10 /* CheckoutRouter.swift in Sources */,
				9BC1C6E9261D6925006502F8 /* ItemCollectionViewCell.swift in Sources */,
				9BC2F860261C51DC00D5CFBC /* UIImageView.swift in Sources */,
				9B9926E4262681CB00B6FDF9 /* CouponCampaign.swift in Sources */,
				9BD269C1262AEB60000CDABE /* Moya+Extensions.swift in Sources */,
				9B9926BC262680FB00B6FDF9 /* Menu.swift in Sources */,
				9B5C543B262ABC8600D7120A /* OrdersPageWorker.swift in Sources */,
				9BC2F794261C511F00D5CFBC /* SettingViewController.swift in Sources */,
				9B3CEC4F262BFD1E00273A65 /* OrderDetailPresenter.swift in Sources */,
				9B99268E2625F01900B6FDF9 /* UIScreen+Utils.swift in Sources */,
				9B85808E262183FC00BBC550 /* PromotionsViewController.swift in Sources */,
				9B9926F62626827F00B6FDF9 /* User.swift in Sources */,
			);
			runOnlyForDeploymentPostprocessing = 0;
		};
		715283132213143D004602FF /* Sources */ = {
			isa = PBXSourcesBuildPhase;
			buildActionMask = 2147483647;
			files = (
			);
			runOnlyForDeploymentPostprocessing = 0;
		};
		7152831E2213143D004602FF /* Sources */ = {
			isa = PBXSourcesBuildPhase;
			buildActionMask = 2147483647;
			files = (
				715283272213143D004602FF /* smartPOSUITests.swift in Sources */,
			);
			runOnlyForDeploymentPostprocessing = 0;
		};
/* End PBXSourcesBuildPhase section */

/* Begin PBXTargetDependency section */
		715283192213143D004602FF /* PBXTargetDependency */ = {
			isa = PBXTargetDependency;
			target = 715283022213143A004602FF /* smartPOS */;
			targetProxy = 715283182213143D004602FF /* PBXContainerItemProxy */;
		};
		715283242213143D004602FF /* PBXTargetDependency */ = {
			isa = PBXTargetDependency;
			target = 715283022213143A004602FF /* smartPOS */;
			targetProxy = 715283232213143D004602FF /* PBXContainerItemProxy */;
		};
/* End PBXTargetDependency section */

/* Begin PBXVariantGroup section */
		7152830A2213143A004602FF /* Main.storyboard */ = {
			isa = PBXVariantGroup;
			children = (
				7152830B2213143A004602FF /* Base */,
			);
			name = Main.storyboard;
			sourceTree = "<group>";
		};
		7152830F2213143D004602FF /* LaunchScreen.storyboard */ = {
			isa = PBXVariantGroup;
			children = (
				715283102213143D004602FF /* Base */,
			);
			name = LaunchScreen.storyboard;
			sourceTree = "<group>";
		};
/* End PBXVariantGroup section */

/* Begin XCBuildConfiguration section */
		715283292213143D004602FF /* Debug */ = {
			isa = XCBuildConfiguration;
			buildSettings = {
				ALWAYS_SEARCH_USER_PATHS = NO;
				CLANG_ANALYZER_NONNULL = YES;
				CLANG_ANALYZER_NUMBER_OBJECT_CONVERSION = YES_AGGRESSIVE;
				CLANG_CXX_LANGUAGE_STANDARD = "gnu++14";
				CLANG_CXX_LIBRARY = "libc++";
				CLANG_ENABLE_MODULES = YES;
				CLANG_ENABLE_OBJC_ARC = YES;
				CLANG_ENABLE_OBJC_WEAK = YES;
				CLANG_WARN_BLOCK_CAPTURE_AUTORELEASING = YES;
				CLANG_WARN_BOOL_CONVERSION = YES;
				CLANG_WARN_COMMA = YES;
				CLANG_WARN_CONSTANT_CONVERSION = YES;
				CLANG_WARN_DEPRECATED_OBJC_IMPLEMENTATIONS = YES;
				CLANG_WARN_DIRECT_OBJC_ISA_USAGE = YES_ERROR;
				CLANG_WARN_DOCUMENTATION_COMMENTS = YES;
				CLANG_WARN_EMPTY_BODY = YES;
				CLANG_WARN_ENUM_CONVERSION = YES;
				CLANG_WARN_INFINITE_RECURSION = YES;
				CLANG_WARN_INT_CONVERSION = YES;
				CLANG_WARN_NON_LITERAL_NULL_CONVERSION = YES;
				CLANG_WARN_OBJC_IMPLICIT_RETAIN_SELF = YES;
				CLANG_WARN_OBJC_LITERAL_CONVERSION = YES;
				CLANG_WARN_OBJC_ROOT_CLASS = YES_ERROR;
				CLANG_WARN_RANGE_LOOP_ANALYSIS = YES;
				CLANG_WARN_STRICT_PROTOTYPES = YES;
				CLANG_WARN_SUSPICIOUS_MOVE = YES;
				CLANG_WARN_UNGUARDED_AVAILABILITY = YES_AGGRESSIVE;
				CLANG_WARN_UNREACHABLE_CODE = YES;
				CLANG_WARN__DUPLICATE_METHOD_MATCH = YES;
				CODE_SIGN_IDENTITY = "iPhone Developer";
				COPY_PHASE_STRIP = NO;
				DEBUG_INFORMATION_FORMAT = dwarf;
				ENABLE_STRICT_OBJC_MSGSEND = YES;
				ENABLE_TESTABILITY = YES;
				GCC_C_LANGUAGE_STANDARD = gnu11;
				GCC_DYNAMIC_NO_PIC = NO;
				GCC_NO_COMMON_BLOCKS = YES;
				GCC_OPTIMIZATION_LEVEL = 0;
				GCC_PREPROCESSOR_DEFINITIONS = (
					"DEBUG=1",
					"$(inherited)",
				);
				GCC_WARN_64_TO_32_BIT_CONVERSION = YES;
				GCC_WARN_ABOUT_RETURN_TYPE = YES_ERROR;
				GCC_WARN_UNDECLARED_SELECTOR = YES;
				GCC_WARN_UNINITIALIZED_AUTOS = YES_AGGRESSIVE;
				GCC_WARN_UNUSED_FUNCTION = YES;
				GCC_WARN_UNUSED_VARIABLE = YES;
				IPHONEOS_DEPLOYMENT_TARGET = 12.2;
				MTL_ENABLE_DEBUG_INFO = INCLUDE_SOURCE;
				MTL_FAST_MATH = YES;
				ONLY_ACTIVE_ARCH = YES;
				SDKROOT = iphoneos;
				SWIFT_ACTIVE_COMPILATION_CONDITIONS = DEBUG;
				SWIFT_OPTIMIZATION_LEVEL = "-Onone";
			};
			name = Debug;
		};
		7152832A2213143D004602FF /* Release */ = {
			isa = XCBuildConfiguration;
			buildSettings = {
				ALWAYS_SEARCH_USER_PATHS = NO;
				CLANG_ANALYZER_NONNULL = YES;
				CLANG_ANALYZER_NUMBER_OBJECT_CONVERSION = YES_AGGRESSIVE;
				CLANG_CXX_LANGUAGE_STANDARD = "gnu++14";
				CLANG_CXX_LIBRARY = "libc++";
				CLANG_ENABLE_MODULES = YES;
				CLANG_ENABLE_OBJC_ARC = YES;
				CLANG_ENABLE_OBJC_WEAK = YES;
				CLANG_WARN_BLOCK_CAPTURE_AUTORELEASING = YES;
				CLANG_WARN_BOOL_CONVERSION = YES;
				CLANG_WARN_COMMA = YES;
				CLANG_WARN_CONSTANT_CONVERSION = YES;
				CLANG_WARN_DEPRECATED_OBJC_IMPLEMENTATIONS = YES;
				CLANG_WARN_DIRECT_OBJC_ISA_USAGE = YES_ERROR;
				CLANG_WARN_DOCUMENTATION_COMMENTS = YES;
				CLANG_WARN_EMPTY_BODY = YES;
				CLANG_WARN_ENUM_CONVERSION = YES;
				CLANG_WARN_INFINITE_RECURSION = YES;
				CLANG_WARN_INT_CONVERSION = YES;
				CLANG_WARN_NON_LITERAL_NULL_CONVERSION = YES;
				CLANG_WARN_OBJC_IMPLICIT_RETAIN_SELF = YES;
				CLANG_WARN_OBJC_LITERAL_CONVERSION = YES;
				CLANG_WARN_OBJC_ROOT_CLASS = YES_ERROR;
				CLANG_WARN_RANGE_LOOP_ANALYSIS = YES;
				CLANG_WARN_STRICT_PROTOTYPES = YES;
				CLANG_WARN_SUSPICIOUS_MOVE = YES;
				CLANG_WARN_UNGUARDED_AVAILABILITY = YES_AGGRESSIVE;
				CLANG_WARN_UNREACHABLE_CODE = YES;
				CLANG_WARN__DUPLICATE_METHOD_MATCH = YES;
				CODE_SIGN_IDENTITY = "iPhone Developer";
				COPY_PHASE_STRIP = NO;
				DEBUG_INFORMATION_FORMAT = "dwarf-with-dsym";
				ENABLE_NS_ASSERTIONS = NO;
				ENABLE_STRICT_OBJC_MSGSEND = YES;
				GCC_C_LANGUAGE_STANDARD = gnu11;
				GCC_NO_COMMON_BLOCKS = YES;
				GCC_WARN_64_TO_32_BIT_CONVERSION = YES;
				GCC_WARN_ABOUT_RETURN_TYPE = YES_ERROR;
				GCC_WARN_UNDECLARED_SELECTOR = YES;
				GCC_WARN_UNINITIALIZED_AUTOS = YES_AGGRESSIVE;
				GCC_WARN_UNUSED_FUNCTION = YES;
				GCC_WARN_UNUSED_VARIABLE = YES;
				IPHONEOS_DEPLOYMENT_TARGET = 12.2;
				MTL_ENABLE_DEBUG_INFO = NO;
				MTL_FAST_MATH = YES;
				SDKROOT = iphoneos;
				SWIFT_COMPILATION_MODE = wholemodule;
				SWIFT_OPTIMIZATION_LEVEL = "-O";
				VALIDATE_PRODUCT = YES;
			};
			name = Release;
		};
		7152832C2213143D004602FF /* Debug */ = {
			isa = XCBuildConfiguration;
			baseConfigurationReference = 0368289D7E17CCC7D53A43AC /* Pods-smartPOS.debug.xcconfig */;
			buildSettings = {
				ASSETCATALOG_COMPILER_APPICON_NAME = AppIcon;
				CODE_SIGN_STYLE = Automatic;
				DEVELOPMENT_TEAM = 9Y7YW58Z6E;
				INFOPLIST_FILE = smartPOS/Info.plist;
				LD_RUNPATH_SEARCH_PATHS = (
					"$(inherited)",
					"@executable_path/Frameworks",
				);
				PRODUCT_BUNDLE_IDENTIFIER = dev.lvh.smartPOS;
				PRODUCT_NAME = "$(TARGET_NAME)";
				SWIFT_VERSION = 4.2;
				TARGETED_DEVICE_FAMILY = "1,2";
			};
			name = Debug;
		};
		7152832D2213143D004602FF /* Release */ = {
			isa = XCBuildConfiguration;
			baseConfigurationReference = C2D2C7F49934219DF4A8F720 /* Pods-smartPOS.release.xcconfig */;
			buildSettings = {
				ASSETCATALOG_COMPILER_APPICON_NAME = AppIcon;
				CODE_SIGN_STYLE = Automatic;
				DEVELOPMENT_TEAM = 9Y7YW58Z6E;
				INFOPLIST_FILE = smartPOS/Info.plist;
				LD_RUNPATH_SEARCH_PATHS = (
					"$(inherited)",
					"@executable_path/Frameworks",
				);
				PRODUCT_BUNDLE_IDENTIFIER = dev.lvh.smartPOS;
				PRODUCT_NAME = "$(TARGET_NAME)";
				SWIFT_VERSION = 4.2;
				TARGETED_DEVICE_FAMILY = "1,2";
			};
			name = Release;
		};
		7152832F2213143D004602FF /* Debug */ = {
			isa = XCBuildConfiguration;
			baseConfigurationReference = 83F7CE37DC57B6E9EFE144C1 /* Pods-smartPOSTests.debug.xcconfig */;
			buildSettings = {
				ALWAYS_EMBED_SWIFT_STANDARD_LIBRARIES = YES;
				BUNDLE_LOADER = "$(TEST_HOST)";
				CODE_SIGN_STYLE = Automatic;
				DEVELOPMENT_TEAM = 9Y7YW58Z6E;
				INFOPLIST_FILE = smartPOSTests/Info.plist;
				LD_RUNPATH_SEARCH_PATHS = (
					"$(inherited)",
					"@executable_path/Frameworks",
					"@loader_path/Frameworks",
				);
				PRODUCT_BUNDLE_IDENTIFIER = dev.lvh.smartPOS;
				PRODUCT_NAME = "$(TARGET_NAME)";
				SWIFT_VERSION = 4.2;
				TARGETED_DEVICE_FAMILY = "1,2";
				TEST_HOST = "$(BUILT_PRODUCTS_DIR)/smartPOS.app/smartPOS";
			};
			name = Debug;
		};
		715283302213143D004602FF /* Release */ = {
			isa = XCBuildConfiguration;
			baseConfigurationReference = E26DE8D32A94BA2C1C722DE7 /* Pods-smartPOSTests.release.xcconfig */;
			buildSettings = {
				ALWAYS_EMBED_SWIFT_STANDARD_LIBRARIES = YES;
				BUNDLE_LOADER = "$(TEST_HOST)";
				CODE_SIGN_STYLE = Automatic;
				DEVELOPMENT_TEAM = 9Y7YW58Z6E;
				INFOPLIST_FILE = smartPOSTests/Info.plist;
				LD_RUNPATH_SEARCH_PATHS = (
					"$(inherited)",
					"@executable_path/Frameworks",
					"@loader_path/Frameworks",
				);
				PRODUCT_BUNDLE_IDENTIFIER = dev.lvh.smartPOS;
				PRODUCT_NAME = "$(TARGET_NAME)";
				SWIFT_VERSION = 4.2;
				TARGETED_DEVICE_FAMILY = "1,2";
				TEST_HOST = "$(BUILT_PRODUCTS_DIR)/smartPOS.app/smartPOS";
			};
			name = Release;
		};
		715283322213143D004602FF /* Debug */ = {
			isa = XCBuildConfiguration;
			baseConfigurationReference = F83F18F6B29A4C7F9E835502 /* Pods-smartPOS-smartPOSUITests.debug.xcconfig */;
			buildSettings = {
				ALWAYS_EMBED_SWIFT_STANDARD_LIBRARIES = YES;
				CODE_SIGN_STYLE = Automatic;
				DEVELOPMENT_TEAM = 5LBZDN8XB8;
				INFOPLIST_FILE = smartPOSUITests/Info.plist;
				LD_RUNPATH_SEARCH_PATHS = (
					"$(inherited)",
					"@executable_path/Frameworks",
					"@loader_path/Frameworks",
				);
				PRODUCT_BUNDLE_IDENTIFIER = dev.lvh.smartPOS;
				PRODUCT_NAME = "$(TARGET_NAME)";
				SWIFT_VERSION = 4.2;
				TARGETED_DEVICE_FAMILY = "1,2";
				TEST_TARGET_NAME = smartPOS;
			};
			name = Debug;
		};
		715283332213143D004602FF /* Release */ = {
			isa = XCBuildConfiguration;
			baseConfigurationReference = 756B49B95E7629404DAC3C16 /* Pods-smartPOS-smartPOSUITests.release.xcconfig */;
			buildSettings = {
				ALWAYS_EMBED_SWIFT_STANDARD_LIBRARIES = YES;
				CODE_SIGN_STYLE = Automatic;
				DEVELOPMENT_TEAM = 5LBZDN8XB8;
				INFOPLIST_FILE = smartPOSUITests/Info.plist;
				LD_RUNPATH_SEARCH_PATHS = (
					"$(inherited)",
					"@executable_path/Frameworks",
					"@loader_path/Frameworks",
				);
				PRODUCT_BUNDLE_IDENTIFIER = dev.lvh.smartPOS;
				PRODUCT_NAME = "$(TARGET_NAME)";
				SWIFT_VERSION = 4.2;
				TARGETED_DEVICE_FAMILY = "1,2";
				TEST_TARGET_NAME = smartPOS;
			};
			name = Release;
		};
/* End XCBuildConfiguration section */

/* Begin XCConfigurationList section */
		715282FE2213143A004602FF /* Build configuration list for PBXProject "smartPOS" */ = {
			isa = XCConfigurationList;
			buildConfigurations = (
				715283292213143D004602FF /* Debug */,
				7152832A2213143D004602FF /* Release */,
			);
			defaultConfigurationIsVisible = 0;
			defaultConfigurationName = Release;
		};
		7152832B2213143D004602FF /* Build configuration list for PBXNativeTarget "smartPOS" */ = {
			isa = XCConfigurationList;
			buildConfigurations = (
				7152832C2213143D004602FF /* Debug */,
				7152832D2213143D004602FF /* Release */,
			);
			defaultConfigurationIsVisible = 0;
			defaultConfigurationName = Release;
		};
		7152832E2213143D004602FF /* Build configuration list for PBXNativeTarget "smartPOSTests" */ = {
			isa = XCConfigurationList;
			buildConfigurations = (
				7152832F2213143D004602FF /* Debug */,
				715283302213143D004602FF /* Release */,
			);
			defaultConfigurationIsVisible = 0;
			defaultConfigurationName = Release;
		};
		715283312213143D004602FF /* Build configuration list for PBXNativeTarget "smartPOSUITests" */ = {
			isa = XCConfigurationList;
			buildConfigurations = (
				715283322213143D004602FF /* Debug */,
				715283332213143D004602FF /* Release */,
			);
			defaultConfigurationIsVisible = 0;
			defaultConfigurationName = Release;
		};
/* End XCConfigurationList section */
	};
	rootObject = 715282FB2213143A004602FF /* Project object */;
}
